// !$*UTF8*$!
{
	archiveVersion = 1;
	classes = {
	};
	objectVersion = 50;
	objects = {

/* Begin PBXBuildFile section */
		7D3B0D8525FA105600C89971 /* AppDelegate.swift in Sources */ = {isa = PBXBuildFile; fileRef = 7D3B0D8425FA105600C89971 /* AppDelegate.swift */; };
		7D3B0D8725FA105600C89971 /* SceneDelegate.swift in Sources */ = {isa = PBXBuildFile; fileRef = 7D3B0D8625FA105600C89971 /* SceneDelegate.swift */; };
		7D3B0D8925FA105600C89971 /* ViewController.swift in Sources */ = {isa = PBXBuildFile; fileRef = 7D3B0D8825FA105600C89971 /* ViewController.swift */; };
		7D3B0D8C25FA105600C89971 /* Main.storyboard in Resources */ = {isa = PBXBuildFile; fileRef = 7D3B0D8A25FA105600C89971 /* Main.storyboard */; };
		7D3B0D8E25FA105700C89971 /* Assets.xcassets in Resources */ = {isa = PBXBuildFile; fileRef = 7D3B0D8D25FA105700C89971 /* Assets.xcassets */; };
		7D3B0D9125FA105700C89971 /* LaunchScreen.storyboard in Resources */ = {isa = PBXBuildFile; fileRef = 7D3B0D8F25FA105700C89971 /* LaunchScreen.storyboard */; };
		7D3B0D9C25FA105700C89971 /* testTests.swift in Sources */ = {isa = PBXBuildFile; fileRef = 7D3B0D9B25FA105700C89971 /* testTests.swift */; };
		7D3B0DA725FA105700C89971 /* testUITests.swift in Sources */ = {isa = PBXBuildFile; fileRef = 7D3B0DA625FA105700C89971 /* testUITests.swift */; };
		7D3B0DB825FA10B400C89971 /* CustomView.swift in Sources */ = {isa = PBXBuildFile; fileRef = 7D3B0DB725FA10B400C89971 /* CustomView.swift */; };
		7D3B0DC025FA10CC00C89971 /* CustomView.xib in Resources */ = {isa = PBXBuildFile; fileRef = 7D3B0DBF25FA10CC00C89971 /* CustomView.xib */; };
/* End PBXBuildFile section */

/* Begin PBXContainerItemProxy section */
		7D3B0D9825FA105700C89971 /* PBXContainerItemProxy */ = {
			isa = PBXContainerItemProxy;
			containerPortal = 7D3B0D7925FA105600C89971 /* Project object */;
			proxyType = 1;
			remoteGlobalIDString = 7D3B0D8025FA105600C89971;
			remoteInfo = test;
		};
		7D3B0DA325FA105700C89971 /* PBXContainerItemProxy */ = {
			isa = PBXContainerItemProxy;
			containerPortal = 7D3B0D7925FA105600C89971 /* Project object */;
			proxyType = 1;
			remoteGlobalIDString = 7D3B0D8025FA105600C89971;
			remoteInfo = test;
		};
/* End PBXContainerItemProxy section */

/* Begin PBXFileReference section */
		7D3B0D8125FA105600C89971 /* test.app */ = {isa = PBXFileReference; explicitFileType = wrapper.application; includeInIndex = 0; path = test.app; sourceTree = BUILT_PRODUCTS_DIR; };
		7D3B0D8425FA105600C89971 /* AppDelegate.swift */ = {isa = PBXFileReference; lastKnownFileType = sourcecode.swift; path = AppDelegate.swift; sourceTree = "<group>"; };
		7D3B0D8625FA105600C89971 /* SceneDelegate.swift */ = {isa = PBXFileReference; lastKnownFileType = sourcecode.swift; path = SceneDelegate.swift; sourceTree = "<group>"; };
		7D3B0D8825FA105600C89971 /* ViewController.swift */ = {isa = PBXFileReference; lastKnownFileType = sourcecode.swift; path = ViewController.swift; sourceTree = "<group>"; };
		7D3B0D8B25FA105600C89971 /* Base */ = {isa = PBXFileReference; lastKnownFileType = file.storyboard; name = Base; path = Base.lproj/Main.storyboard; sourceTree = "<group>"; };
		7D3B0D8D25FA105700C89971 /* Assets.xcassets */ = {isa = PBXFileReference; lastKnownFileType = folder.assetcatalog; path = Assets.xcassets; sourceTree = "<group>"; };
		7D3B0D9025FA105700C89971 /* Base */ = {isa = PBXFileReference; lastKnownFileType = file.storyboard; name = Base; path = Base.lproj/LaunchScreen.storyboard; sourceTree = "<group>"; };
		7D3B0D9225FA105700C89971 /* Info.plist */ = {isa = PBXFileReference; lastKnownFileType = text.plist.xml; path = Info.plist; sourceTree = "<group>"; };
		7D3B0D9725FA105700C89971 /* testTests.xctest */ = {isa = PBXFileReference; explicitFileType = wrapper.cfbundle; includeInIndex = 0; path = testTests.xctest; sourceTree = BUILT_PRODUCTS_DIR; };
		7D3B0D9B25FA105700C89971 /* testTests.swift */ = {isa = PBXFileReference; lastKnownFileType = sourcecode.swift; path = testTests.swift; sourceTree = "<group>"; };
		7D3B0D9D25FA105700C89971 /* Info.plist */ = {isa = PBXFileReference; lastKnownFileType = text.plist.xml; path = Info.plist; sourceTree = "<group>"; };
		7D3B0DA225FA105700C89971 /* testUITests.xctest */ = {isa = PBXFileReference; explicitFileType = wrapper.cfbundle; includeInIndex = 0; path = testUITests.xctest; sourceTree = BUILT_PRODUCTS_DIR; };
		7D3B0DA625FA105700C89971 /* testUITests.swift */ = {isa = PBXFileReference; lastKnownFileType = sourcecode.swift; path = testUITests.swift; sourceTree = "<group>"; };
		7D3B0DA825FA105700C89971 /* Info.plist */ = {isa = PBXFileReference; lastKnownFileType = text.plist.xml; path = Info.plist; sourceTree = "<group>"; };
		7D3B0DB725FA10B400C89971 /* CustomView.swift */ = {isa = PBXFileReference; lastKnownFileType = sourcecode.swift; path = CustomView.swift; sourceTree = "<group>"; };
		7D3B0DBF25FA10CC00C89971 /* CustomView.xib */ = {isa = PBXFileReference; lastKnownFileType = file.xib; path = CustomView.xib; sourceTree = "<group>"; };
/* End PBXFileReference section */

/* Begin PBXFrameworksBuildPhase section */
		7D3B0D7E25FA105600C89971 /* Frameworks */ = {
			isa = PBXFrameworksBuildPhase;
			buildActionMask = 2147483647;
			files = (
			);
			runOnlyForDeploymentPostprocessing = 0;
		};
		7D3B0D9425FA105700C89971 /* Frameworks */ = {
			isa = PBXFrameworksBuildPhase;
			buildActionMask = 2147483647;
			files = (
			);
			runOnlyForDeploymentPostprocessing = 0;
		};
		7D3B0D9F25FA105700C89971 /* Frameworks */ = {
			isa = PBXFrameworksBuildPhase;
			buildActionMask = 2147483647;
			files = (
			);
			runOnlyForDeploymentPostprocessing = 0;
		};
/* End PBXFrameworksBuildPhase section */

/* Begin PBXGroup section */
		7D3B0D7825FA105600C89971 = {
			isa = PBXGroup;
			children = (
				7D3B0D8325FA105600C89971 /* test */,
				7D3B0D9A25FA105700C89971 /* testTests */,
				7D3B0DA525FA105700C89971 /* testUITests */,
				7D3B0D8225FA105600C89971 /* Products */,
			);
			sourceTree = "<group>";
		};
		7D3B0D8225FA105600C89971 /* Products */ = {
			isa = PBXGroup;
			children = (
				7D3B0D8125FA105600C89971 /* test.app */,
				7D3B0D9725FA105700C89971 /* testTests.xctest */,
				7D3B0DA225FA105700C89971 /* testUITests.xctest */,
			);
			name = Products;
			sourceTree = "<group>";
		};
		7D3B0D8325FA105600C89971 /* test */ = {
			isa = PBXGroup;
			children = (
				7D3B0D8425FA105600C89971 /* AppDelegate.swift */,
				7D3B0D8625FA105600C89971 /* SceneDelegate.swift */,
				7D3B0D8825FA105600C89971 /* ViewController.swift */,
				7D3B0D8A25FA105600C89971 /* Main.storyboard */,
				7D3B0D8D25FA105700C89971 /* Assets.xcassets */,
				7D3B0D8F25FA105700C89971 /* LaunchScreen.storyboard */,
				7D3B0D9225FA105700C89971 /* Info.plist */,
				7D3B0DB725FA10B400C89971 /* CustomView.swift */,
				7D3B0DBF25FA10CC00C89971 /* CustomView.xib */,
			);
			path = test;
			sourceTree = "<group>";
		};
		7D3B0D9A25FA105700C89971 /* testTests */ = {
			isa = PBXGroup;
			children = (
				7D3B0D9B25FA105700C89971 /* testTests.swift */,
				7D3B0D9D25FA105700C89971 /* Info.plist */,
			);
			path = testTests;
			sourceTree = "<group>";
		};
		7D3B0DA525FA105700C89971 /* testUITests */ = {
			isa = PBXGroup;
			children = (
				7D3B0DA625FA105700C89971 /* testUITests.swift */,
				7D3B0DA825FA105700C89971 /* Info.plist */,
			);
			path = testUITests;
			sourceTree = "<group>";
		};
/* End PBXGroup section */

/* Begin PBXNativeTarget section */
		7D3B0D8025FA105600C89971 /* test */ = {
			isa = PBXNativeTarget;
			buildConfigurationList = 7D3B0DAB25FA105700C89971 /* Build configuration list for PBXNativeTarget "test" */;
			buildPhases = (
				7D3B0D7D25FA105600C89971 /* Sources */,
				7D3B0D7E25FA105600C89971 /* Frameworks */,
				7D3B0D7F25FA105600C89971 /* Resources */,
			);
			buildRules = (
			);
			dependencies = (
			);
			name = test;
			productName = test;
			productReference = 7D3B0D8125FA105600C89971 /* test.app */;
			productType = "com.apple.product-type.application";
		};
		7D3B0D9625FA105700C89971 /* testTests */ = {
			isa = PBXNativeTarget;
			buildConfigurationList = 7D3B0DAE25FA105700C89971 /* Build configuration list for PBXNativeTarget "testTests" */;
			buildPhases = (
				7D3B0D9325FA105700C89971 /* Sources */,
				7D3B0D9425FA105700C89971 /* Frameworks */,
				7D3B0D9525FA105700C89971 /* Resources */,
			);
			buildRules = (
			);
			dependencies = (
				7D3B0D9925FA105700C89971 /* PBXTargetDependency */,
			);
			name = testTests;
			productName = testTests;
			productReference = 7D3B0D9725FA105700C89971 /* testTests.xctest */;
			productType = "com.apple.product-type.bundle.unit-test";
		};
		7D3B0DA125FA105700C89971 /* testUITests */ = {
			isa = PBXNativeTarget;
			buildConfigurationList = 7D3B0DB125FA105700C89971 /* Build configuration list for PBXNativeTarget "testUITests" */;
			buildPhases = (
				7D3B0D9E25FA105700C89971 /* Sources */,
				7D3B0D9F25FA105700C89971 /* Frameworks */,
				7D3B0DA025FA105700C89971 /* Resources */,
			);
			buildRules = (
			);
			dependencies = (
				7D3B0DA425FA105700C89971 /* PBXTargetDependency */,
			);
			name = testUITests;
			productName = testUITests;
			productReference = 7D3B0DA225FA105700C89971 /* testUITests.xctest */;
			productType = "com.apple.product-type.bundle.ui-testing";
		};
/* End PBXNativeTarget section */

/* Begin PBXProject section */
		7D3B0D7925FA105600C89971 /* Project object */ = {
			isa = PBXProject;
			attributes = {
				LastSwiftUpdateCheck = 1240;
				LastUpgradeCheck = 1240;
				TargetAttributes = {
					7D3B0D8025FA105600C89971 = {
						CreatedOnToolsVersion = 12.4;
					};
					7D3B0D9625FA105700C89971 = {
						CreatedOnToolsVersion = 12.4;
						TestTargetID = 7D3B0D8025FA105600C89971;
					};
					7D3B0DA125FA105700C89971 = {
						CreatedOnToolsVersion = 12.4;
						TestTargetID = 7D3B0D8025FA105600C89971;
					};
				};
			};
			buildConfigurationList = 7D3B0D7C25FA105600C89971 /* Build configuration list for PBXProject "test" */;
			compatibilityVersion = "Xcode 9.3";
			developmentRegion = en;
			hasScannedForEncodings = 0;
			knownRegions = (
				en,
				Base,
			);
			mainGroup = 7D3B0D7825FA105600C89971;
			productRefGroup = 7D3B0D8225FA105600C89971 /* Products */;
			projectDirPath = "";
			projectRoot = "";
			targets = (
				7D3B0D8025FA105600C89971 /* test */,
				7D3B0D9625FA105700C89971 /* testTests */,
				7D3B0DA125FA105700C89971 /* testUITests */,
			);
		};
/* End PBXProject section */

/* Begin PBXResourcesBuildPhase section */
		7D3B0D7F25FA105600C89971 /* Resources */ = {
			isa = PBXResourcesBuildPhase;
			buildActionMask = 2147483647;
			files = (
				7D3B0D9125FA105700C89971 /* LaunchScreen.storyboard in Resources */,
				7D3B0DC025FA10CC00C89971 /* CustomView.xib in Resources */,
				7D3B0D8E25FA105700C89971 /* Assets.xcassets in Resources */,
				7D3B0D8C25FA105600C89971 /* Main.storyboard in Resources */,
			);
			runOnlyForDeploymentPostprocessing = 0;
		};
		7D3B0D9525FA105700C89971 /* Resources */ = {
			isa = PBXResourcesBuildPhase;
			buildActionMask = 2147483647;
			files = (
			);
			runOnlyForDeploymentPostprocessing = 0;
		};
		7D3B0DA025FA105700C89971 /* Resources */ = {
			isa = PBXResourcesBuildPhase;
			buildActionMask = 2147483647;
			files = (
			);
			runOnlyForDeploymentPostprocessing = 0;
		};
/* End PBXResourcesBuildPhase section */

/* Begin PBXSourcesBuildPhase section */
		7D3B0D7D25FA105600C89971 /* Sources */ = {
			isa = PBXSourcesBuildPhase;
			buildActionMask = 2147483647;
			files = (
				7D3B0D8925FA105600C89971 /* ViewController.swift in Sources */,
				7D3B0DB825FA10B400C89971 /* CustomView.swift in Sources */,
				7D3B0D8525FA105600C89971 /* AppDelegate.swift in Sources */,
				7D3B0D8725FA105600C89971 /* SceneDelegate.swift in Sources */,
			);
			runOnlyForDeploymentPostprocessing = 0;
		};
		7D3B0D9325FA105700C89971 /* Sources */ = {
			isa = PBXSourcesBuildPhase;
			buildActionMask = 2147483647;
			files = (
				7D3B0D9C25FA105700C89971 /* testTests.swift in Sources */,
			);
			runOnlyForDeploymentPostprocessing = 0;
		};
		7D3B0D9E25FA105700C89971 /* Sources */ = {
			isa = PBXSourcesBuildPhase;
			buildActionMask = 2147483647;
			files = (
				7D3B0DA725FA105700C89971 /* testUITests.swift in Sources */,
			);
			runOnlyForDeploymentPostprocessing = 0;
		};
/* End PBXSourcesBuildPhase section */

/* Begin PBXTargetDependency section */
		7D3B0D9925FA105700C89971 /* PBXTargetDependency */ = {
			isa = PBXTargetDependency;
			target = 7D3B0D8025FA105600C89971 /* test */;
			targetProxy = 7D3B0D9825FA105700C89971 /* PBXContainerItemProxy */;
		};
		7D3B0DA425FA105700C89971 /* PBXTargetDependency */ = {
			isa = PBXTargetDependency;
			target = 7D3B0D8025FA105600C89971 /* test */;
			targetProxy = 7D3B0DA325FA105700C89971 /* PBXContainerItemProxy */;
		};
/* End PBXTargetDependency section */

/* Begin PBXVariantGroup section */
		7D3B0D8A25FA105600C89971 /* Main.storyboard */ = {
			isa = PBXVariantGroup;
			children = (
				7D3B0D8B25FA105600C89971 /* Base */,
			);
			name = Main.storyboard;
			sourceTree = "<group>";
		};
		7D3B0D8F25FA105700C89971 /* LaunchScreen.storyboard */ = {
			isa = PBXVariantGroup;
			children = (
				7D3B0D9025FA105700C89971 /* Base */,
			);
			name = LaunchScreen.storyboard;
			sourceTree = "<group>";
		};
/* End PBXVariantGroup section */

/* Begin XCBuildConfiguration section */
		7D3B0DA925FA105700C89971 /* Debug */ = {
			isa = XCBuildConfiguration;
			buildSettings = {
				ALWAYS_SEARCH_USER_PATHS = NO;
				CLANG_ANALYZER_NONNULL = YES;
				CLANG_ANALYZER_NUMBER_OBJECT_CONVERSION = YES_AGGRESSIVE;
				CLANG_CXX_LANGUAGE_STANDARD = "gnu++14";
				CLANG_CXX_LIBRARY = "libc++";
				CLANG_ENABLE_MODULES = YES;
				CLANG_ENABLE_OBJC_ARC = YES;
				CLANG_ENABLE_OBJC_WEAK = YES;
				CLANG_WARN_BLOCK_CAPTURE_AUTORELEASING = YES;
				CLANG_WARN_BOOL_CONVERSION = YES;
				CLANG_WARN_COMMA = YES;
				CLANG_WARN_CONSTANT_CONVERSION = YES;
				CLANG_WARN_DEPRECATED_OBJC_IMPLEMENTATIONS = YES;
				CLANG_WARN_DIRECT_OBJC_ISA_USAGE = YES_ERROR;
				CLANG_WARN_DOCUMENTATION_COMMENTS = YES;
				CLANG_WARN_EMPTY_BODY = YES;
				CLANG_WARN_ENUM_CONVERSION = YES;
				CLANG_WARN_INFINITE_RECURSION = YES;
				CLANG_WARN_INT_CONVERSION = YES;
				CLANG_WARN_NON_LITERAL_NULL_CONVERSION = YES;
				CLANG_WARN_OBJC_IMPLICIT_RETAIN_SELF = YES;
				CLANG_WARN_OBJC_LITERAL_CONVERSION = YES;
				CLANG_WARN_OBJC_ROOT_CLASS = YES_ERROR;
				CLANG_WARN_QUOTED_INCLUDE_IN_FRAMEWORK_HEADER = YES;
				CLANG_WARN_RANGE_LOOP_ANALYSIS = YES;
				CLANG_WARN_STRICT_PROTOTYPES = YES;
				CLANG_WARN_SUSPICIOUS_MOVE = YES;
				CLANG_WARN_UNGUARDED_AVAILABILITY = YES_AGGRESSIVE;
				CLANG_WARN_UNREACHABLE_CODE = YES;
				CLANG_WARN__DUPLICATE_METHOD_MATCH = YES;
				COPY_PHASE_STRIP = NO;
				DEBUG_INFORMATION_FORMAT = dwarf;
				ENABLE_STRICT_OBJC_MSGSEND = YES;
				ENABLE_TESTABILITY = YES;
				GCC_C_LANGUAGE_STANDARD = gnu11;
				GCC_DYNAMIC_NO_PIC = NO;
				GCC_NO_COMMON_BLOCKS = YES;
				GCC_OPTIMIZATION_LEVEL = 0;
				GCC_PREPROCESSOR_DEFINITIONS = (
					"DEBUG=1",
					"$(inherited)",
				);
				GCC_WARN_64_TO_32_BIT_CONVERSION = YES;
				GCC_WARN_ABOUT_RETURN_TYPE = YES_ERROR;
				GCC_WARN_UNDECLARED_SELECTOR = YES;
				GCC_WARN_UNINITIALIZED_AUTOS = YES_AGGRESSIVE;
				GCC_WARN_UNUSED_FUNCTION = YES;
				GCC_WARN_UNUSED_VARIABLE = YES;
				IPHONEOS_DEPLOYMENT_TARGET = 14.4;
				MTL_ENABLE_DEBUG_INFO = INCLUDE_SOURCE;
				MTL_FAST_MATH = YES;
				ONLY_ACTIVE_ARCH = YES;
				SDKROOT = iphoneos;
				SWIFT_ACTIVE_COMPILATION_CONDITIONS = DEBUG;
				SWIFT_OPTIMIZATION_LEVEL = "-Onone";
			};
			name = Debug;
		};
		7D3B0DAA25FA105700C89971 /* Release */ = {
			isa = XCBuildConfiguration;
			buildSettings = {
				ALWAYS_SEARCH_USER_PATHS = NO;
				CLANG_ANALYZER_NONNULL = YES;
				CLANG_ANALYZER_NUMBER_OBJECT_CONVERSION = YES_AGGRESSIVE;
				CLANG_CXX_LANGUAGE_STANDARD = "gnu++14";
				CLANG_CXX_LIBRARY = "libc++";
				CLANG_ENABLE_MODULES = YES;
				CLANG_ENABLE_OBJC_ARC = YES;
				CLANG_ENABLE_OBJC_WEAK = YES;
				CLANG_WARN_BLOCK_CAPTURE_AUTORELEASING = YES;
				CLANG_WARN_BOOL_CONVERSION = YES;
				CLANG_WARN_COMMA = YES;
				CLANG_WARN_CONSTANT_CONVERSION = YES;
				CLANG_WARN_DEPRECATED_OBJC_IMPLEMENTATIONS = YES;
				CLANG_WARN_DIRECT_OBJC_ISA_USAGE = YES_ERROR;
				CLANG_WARN_DOCUMENTATION_COMMENTS = YES;
				CLANG_WARN_EMPTY_BODY = YES;
				CLANG_WARN_ENUM_CONVERSION = YES;
				CLANG_WARN_INFINITE_RECURSION = YES;
				CLANG_WARN_INT_CONVERSION = YES;
				CLANG_WARN_NON_LITERAL_NULL_CONVERSION = YES;
				CLANG_WARN_OBJC_IMPLICIT_RETAIN_SELF = YES;
				CLANG_WARN_OBJC_LITERAL_CONVERSION = YES;
				CLANG_WARN_OBJC_ROOT_CLASS = YES_ERROR;
				CLANG_WARN_QUOTED_INCLUDE_IN_FRAMEWORK_HEADER = YES;
				CLANG_WARN_RANGE_LOOP_ANALYSIS = YES;
				CLANG_WARN_STRICT_PROTOTYPES = YES;
				CLANG_WARN_SUSPICIOUS_MOVE = YES;
				CLANG_WARN_UNGUARDED_AVAILABILITY = YES_AGGRESSIVE;
				CLANG_WARN_UNREACHABLE_CODE = YES;
				CLANG_WARN__DUPLICATE_METHOD_MATCH = YES;
				COPY_PHASE_STRIP = NO;
				DEBUG_INFORMATION_FORMAT = "dwarf-with-dsym";
				ENABLE_NS_ASSERTIONS = NO;
				ENABLE_STRICT_OBJC_MSGSEND = YES;
				GCC_C_LANGUAGE_STANDARD = gnu11;
				GCC_NO_COMMON_BLOCKS = YES;
				GCC_WARN_64_TO_32_BIT_CONVERSION = YES;
				GCC_WARN_ABOUT_RETURN_TYPE = YES_ERROR;
				GCC_WARN_UNDECLARED_SELECTOR = YES;
				GCC_WARN_UNINITIALIZED_AUTOS = YES_AGGRESSIVE;
				GCC_WARN_UNUSED_FUNCTION = YES;
				GCC_WARN_UNUSED_VARIABLE = YES;
				IPHONEOS_DEPLOYMENT_TARGET = 14.4;
				MTL_ENABLE_DEBUG_INFO = NO;
				MTL_FAST_MATH = YES;
				SDKROOT = iphoneos;
				SWIFT_COMPILATION_MODE = wholemodule;
				SWIFT_OPTIMIZATION_LEVEL = "-O";
				VALIDATE_PRODUCT = YES;
			};
			name = Release;
		};
		7D3B0DAC25FA105700C89971 /* Debug */ = {
			isa = XCBuildConfiguration;
			buildSettings = {
				ASSETCATALOG_COMPILER_APPICON_NAME = AppIcon;
				ASSETCATALOG_COMPILER_GLOBAL_ACCENT_COLOR_NAME = AccentColor;
				CODE_SIGN_STYLE = Automatic;
				DEVELOPMENT_TEAM = NZSUHT5DUD;
				INFOPLIST_FILE = test/Info.plist;
				LD_RUNPATH_SEARCH_PATHS = (
					"$(inherited)",
					"@executable_path/Frameworks",
				);
				PRODUCT_BUNDLE_IDENTIFIER = com.test;
				PRODUCT_NAME = "$(TARGET_NAME)";
				SWIFT_VERSION = 5.0;
				TARGETED_DEVICE_FAMILY = "1,2";
			};
			name = Debug;
		};
		7D3B0DAD25FA105700C89971 /* Release */ = {
			isa = XCBuildConfiguration;
			buildSettings = {
				ASSETCATALOG_COMPILER_APPICON_NAME = AppIcon;
				ASSETCATALOG_COMPILER_GLOBAL_ACCENT_COLOR_NAME = AccentColor;
				CODE_SIGN_STYLE = Automatic;
				DEVELOPMENT_TEAM = NZSUHT5DUD;
				INFOPLIST_FILE = test/Info.plist;
				LD_RUNPATH_SEARCH_PATHS = (
					"$(inherited)",
					"@executable_path/Frameworks",
				);
				PRODUCT_BUNDLE_IDENTIFIER = com.test;
				PRODUCT_NAME = "$(TARGET_NAME)";
				SWIFT_VERSION = 5.0;
				TARGETED_DEVICE_FAMILY = "1,2";
			};
			name = Release;
		};
		7D3B0DAF25FA105700C89971 /* Debug */ = {
			isa = XCBuildConfiguration;
			buildSettings = {
				ALWAYS_EMBED_SWIFT_STANDARD_LIBRARIES = YES;
				BUNDLE_LOADER = "$(TEST_HOST)";
				CODE_SIGN_STYLE = Automatic;
				DEVELOPMENT_TEAM = NZSUHT5DUD;
				INFOPLIST_FILE = testTests/Info.plist;
				IPHONEOS_DEPLOYMENT_TARGET = 14.4;
				LD_RUNPATH_SEARCH_PATHS = (
					"$(inherited)",
					"@executable_path/Frameworks",
					"@loader_path/Frameworks",
				);
				PRODUCT_BUNDLE_IDENTIFIER = com.testTests;
				PRODUCT_NAME = "$(TARGET_NAME)";
				SWIFT_VERSION = 5.0;
				TARGETED_DEVICE_FAMILY = "1,2";
				TEST_HOST = "$(BUILT_PRODUCTS_DIR)/test.app/test";
			};
			name = Debug;
		};
		7D3B0DB025FA105700C89971 /* Release */ = {
			isa = XCBuildConfiguration;
			buildSettings = {
				ALWAYS_EMBED_SWIFT_STANDARD_LIBRARIES = YES;
				BUNDLE_LOADER = "$(TEST_HOST)";
				CODE_SIGN_STYLE = Automatic;
				DEVELOPMENT_TEAM = NZSUHT5DUD;
				INFOPLIST_FILE = testTests/Info.plist;
				IPHONEOS_DEPLOYMENT_TARGET = 14.4;
				LD_RUNPATH_SEARCH_PATHS = (
					"$(inherited)",
					"@executable_path/Frameworks",
					"@loader_path/Frameworks",
				);
				PRODUCT_BUNDLE_IDENTIFIER = com.testTests;
				PRODUCT_NAME = "$(TARGET_NAME)";
				SWIFT_VERSION = 5.0;
				TARGETED_DEVICE_FAMILY = "1,2";
				TEST_HOST = "$(BUILT_PRODUCTS_DIR)/test.app/test";
			};
			name = Release;
		};
		7D3B0DB225FA105700C89971 /* Debug */ = {
			isa = XCBuildConfiguration;
			buildSettings = {
				ALWAYS_EMBED_SWIFT_STANDARD_LIBRARIES = YES;
				CODE_SIGN_STYLE = Automatic;
				DEVELOPMENT_TEAM = NZSUHT5DUD;
				INFOPLIST_FILE = testUITests/Info.plist;
				LD_RUNPATH_SEARCH_PATHS = (
					"$(inherited)",
					"@executable_path/Frameworks",
					"@loader_path/Frameworks",
				);
				PRODUCT_BUNDLE_IDENTIFIER = com.testUITests;
				PRODUCT_NAME = "$(TARGET_NAME)";
				SWIFT_VERSION = 5.0;
				TARGETED_DEVICE_FAMILY = "1,2";
				TEST_TARGET_NAME = test;
			};
			name = Debug;
		};
		7D3B0DB325FA105700C89971 /* Release */ = {
			isa = XCBuildConfiguration;
			buildSettings = {
				ALWAYS_EMBED_SWIFT_STANDARD_LIBRARIES = YES;
				CODE_SIGN_STYLE = Automatic;
				DEVELOPMENT_TEAM = NZSUHT5DUD;
				INFOPLIST_FILE = testUITests/Info.plist;
				LD_RUNPATH_SEARCH_PATHS = (
					"$(inherited)",
					"@executable_path/Frameworks",
					"@loader_path/Frameworks",
				);
				PRODUCT_BUNDLE_IDENTIFIER = com.testUITests;
				PRODUCT_NAME = "$(TARGET_NAME)";
				SWIFT_VERSION = 5.0;
				TARGETED_DEVICE_FAMILY = "1,2";
				TEST_TARGET_NAME = test;
			};
			name = Release;
		};
/* End XCBuildConfiguration section */

/* Begin XCConfigurationList section */
		7D3B0D7C25FA105600C89971 /* Build configuration list for PBXProject "test" */ = {
			isa = XCConfigurationList;
			buildConfigurations = (
				7D3B0DA925FA105700C89971 /* Debug */,
				7D3B0DAA25FA105700C89971 /* Release */,
			);
			defaultConfigurationIsVisible = 0;
			defaultConfigurationName = Release;
		};
		7D3B0DAB25FA105700C89971 /* Build configuration list for PBXNativeTarget "test" */ = {
			isa = XCConfigurationList;
			buildConfigurations = (
				7D3B0DAC25FA105700C89971 /* Debug */,
				7D3B0DAD25FA105700C89971 /* Release */,
			);
			defaultConfigurationIsVisible = 0;
			defaultConfigurationName = Release;
		};
		7D3B0DAE25FA105700C89971 /* Build configuration list for PBXNativeTarget "testTests" */ = {
			isa = XCConfigurationList;
			buildConfigurations = (
				7D3B0DAF25FA105700C89971 /* Debug */,
				7D3B0DB025FA105700C89971 /* Release */,
			);
			defaultConfigurationIsVisible = 0;
			defaultConfigurationName = Release;
		};
		7D3B0DB125FA105700C89971 /* Build configuration list for PBXNativeTarget "testUITests" */ = {
			isa = XCConfigurationList;
			buildConfigurations = (
				7D3B0DB225FA105700C89971 /* Debug */,
				7D3B0DB325FA105700C89971 /* Release */,
			);
			defaultConfigurationIsVisible = 0;
			defaultConfigurationName = Release;
		};
/* End XCConfigurationList section */
	};
	rootObject = 7D3B0D7925FA105600C89971 /* Project object */;
}
