// !$*UTF8*$!
{
	archiveVersion = 1;
	classes = {
	};
	objectVersion = 50;
	objects = {

/* Begin PBXBuildFile section */
		7D8571AC25DE5D60005C0B28 /* AppDelegate.swift in Sources */ = {isa = PBXBuildFile; fileRef = 7D8571AB25DE5D60005C0B28 /* AppDelegate.swift */; };
		7D8571AE25DE5D60005C0B28 /* SceneDelegate.swift in Sources */ = {isa = PBXBuildFile; fileRef = 7D8571AD25DE5D60005C0B28 /* SceneDelegate.swift */; };
		7D8571B025DE5D60005C0B28 /* ViewController.swift in Sources */ = {isa = PBXBuildFile; fileRef = 7D8571AF25DE5D60005C0B28 /* ViewController.swift */; };
		7D8571B325DE5D60005C0B28 /* Main.storyboard in Resources */ = {isa = PBXBuildFile; fileRef = 7D8571B125DE5D60005C0B28 /* Main.storyboard */; };
		7D8571B525DE5D65005C0B28 /* Assets.xcassets in Resources */ = {isa = PBXBuildFile; fileRef = 7D8571B425DE5D65005C0B28 /* Assets.xcassets */; };
		7D8571B825DE5D65005C0B28 /* LaunchScreen.storyboard in Resources */ = {isa = PBXBuildFile; fileRef = 7D8571B625DE5D65005C0B28 /* LaunchScreen.storyboard */; };
		7D8571C325DE5D65005C0B28 /* MyWorkSampleTests.swift in Sources */ = {isa = PBXBuildFile; fileRef = 7D8571C225DE5D65005C0B28 /* MyWorkSampleTests.swift */; };
		7D8571CE25DE5D65005C0B28 /* MyWorkSampleUITests.swift in Sources */ = {isa = PBXBuildFile; fileRef = 7D8571CD25DE5D65005C0B28 /* MyWorkSampleUITests.swift */; };
/* End PBXBuildFile section */

/* Begin PBXContainerItemProxy section */
		7D8571BF25DE5D65005C0B28 /* PBXContainerItemProxy */ = {
			isa = PBXContainerItemProxy;
			containerPortal = 7D8571A025DE5D60005C0B28 /* Project object */;
			proxyType = 1;
			remoteGlobalIDString = 7D8571A725DE5D60005C0B28;
			remoteInfo = MyWorkSample;
		};
		7D8571CA25DE5D65005C0B28 /* PBXContainerItemProxy */ = {
			isa = PBXContainerItemProxy;
			containerPortal = 7D8571A025DE5D60005C0B28 /* Project object */;
			proxyType = 1;
			remoteGlobalIDString = 7D8571A725DE5D60005C0B28;
			remoteInfo = MyWorkSample;
		};
/* End PBXContainerItemProxy section */

/* Begin PBXFileReference section */
		7D8571A825DE5D60005C0B28 /* MyWorkSample.app */ = {isa = PBXFileReference; explicitFileType = wrapper.application; includeInIndex = 0; path = MyWorkSample.app; sourceTree = BUILT_PRODUCTS_DIR; };
		7D8571AB25DE5D60005C0B28 /* AppDelegate.swift */ = {isa = PBXFileReference; lastKnownFileType = sourcecode.swift; path = AppDelegate.swift; sourceTree = "<group>"; };
		7D8571AD25DE5D60005C0B28 /* SceneDelegate.swift */ = {isa = PBXFileReference; lastKnownFileType = sourcecode.swift; path = SceneDelegate.swift; sourceTree = "<group>"; };
		7D8571AF25DE5D60005C0B28 /* ViewController.swift */ = {isa = PBXFileReference; lastKnownFileType = sourcecode.swift; path = ViewController.swift; sourceTree = "<group>"; };
		7D8571B225DE5D60005C0B28 /* Base */ = {isa = PBXFileReference; lastKnownFileType = file.storyboard; name = Base; path = Base.lproj/Main.storyboard; sourceTree = "<group>"; };
		7D8571B425DE5D65005C0B28 /* Assets.xcassets */ = {isa = PBXFileReference; lastKnownFileType = folder.assetcatalog; path = Assets.xcassets; sourceTree = "<group>"; };
		7D8571B725DE5D65005C0B28 /* Base */ = {isa = PBXFileReference; lastKnownFileType = file.storyboard; name = Base; path = Base.lproj/LaunchScreen.storyboard; sourceTree = "<group>"; };
		7D8571B925DE5D65005C0B28 /* Info.plist */ = {isa = PBXFileReference; lastKnownFileType = text.plist.xml; path = Info.plist; sourceTree = "<group>"; };
		7D8571BE25DE5D65005C0B28 /* MyWorkSampleTests.xctest */ = {isa = PBXFileReference; explicitFileType = wrapper.cfbundle; includeInIndex = 0; path = MyWorkSampleTests.xctest; sourceTree = BUILT_PRODUCTS_DIR; };
		7D8571C225DE5D65005C0B28 /* MyWorkSampleTests.swift */ = {isa = PBXFileReference; lastKnownFileType = sourcecode.swift; path = MyWorkSampleTests.swift; sourceTree = "<group>"; };
		7D8571C425DE5D65005C0B28 /* Info.plist */ = {isa = PBXFileReference; lastKnownFileType = text.plist.xml; path = Info.plist; sourceTree = "<group>"; };
		7D8571C925DE5D65005C0B28 /* MyWorkSampleUITests.xctest */ = {isa = PBXFileReference; explicitFileType = wrapper.cfbundle; includeInIndex = 0; path = MyWorkSampleUITests.xctest; sourceTree = BUILT_PRODUCTS_DIR; };
		7D8571CD25DE5D65005C0B28 /* MyWorkSampleUITests.swift */ = {isa = PBXFileReference; lastKnownFileType = sourcecode.swift; path = MyWorkSampleUITests.swift; sourceTree = "<group>"; };
		7D8571CF25DE5D65005C0B28 /* Info.plist */ = {isa = PBXFileReference; lastKnownFileType = text.plist.xml; path = Info.plist; sourceTree = "<group>"; };
/* End PBXFileReference section */

/* Begin PBXFrameworksBuildPhase section */
		7D8571A525DE5D60005C0B28 /* Frameworks */ = {
			isa = PBXFrameworksBuildPhase;
			buildActionMask = 2147483647;
			files = (
			);
			runOnlyForDeploymentPostprocessing = 0;
		};
		7D8571BB25DE5D65005C0B28 /* Frameworks */ = {
			isa = PBXFrameworksBuildPhase;
			buildActionMask = 2147483647;
			files = (
			);
			runOnlyForDeploymentPostprocessing = 0;
		};
		7D8571C625DE5D65005C0B28 /* Frameworks */ = {
			isa = PBXFrameworksBuildPhase;
			buildActionMask = 2147483647;
			files = (
			);
			runOnlyForDeploymentPostprocessing = 0;
		};
/* End PBXFrameworksBuildPhase section */

/* Begin PBXGroup section */
		7D85719F25DE5D60005C0B28 = {
			isa = PBXGroup;
			children = (
				7D8571AA25DE5D60005C0B28 /* MyWorkSample */,
				7D8571C125DE5D65005C0B28 /* MyWorkSampleTests */,
				7D8571CC25DE5D65005C0B28 /* MyWorkSampleUITests */,
				7D8571A925DE5D60005C0B28 /* Products */,
			);
			sourceTree = "<group>";
		};
		7D8571A925DE5D60005C0B28 /* Products */ = {
			isa = PBXGroup;
			children = (
				7D8571A825DE5D60005C0B28 /* MyWorkSample.app */,
				7D8571BE25DE5D65005C0B28 /* MyWorkSampleTests.xctest */,
				7D8571C925DE5D65005C0B28 /* MyWorkSampleUITests.xctest */,
			);
			name = Products;
			sourceTree = "<group>";
		};
		7D8571AA25DE5D60005C0B28 /* MyWorkSample */ = {
			isa = PBXGroup;
			children = (
				7D8571AB25DE5D60005C0B28 /* AppDelegate.swift */,
				7D8571AD25DE5D60005C0B28 /* SceneDelegate.swift */,
				7D8571AF25DE5D60005C0B28 /* ViewController.swift */,
				7D8571B125DE5D60005C0B28 /* Main.storyboard */,
				7D8571B425DE5D65005C0B28 /* Assets.xcassets */,
				7D8571B625DE5D65005C0B28 /* LaunchScreen.storyboard */,
				7D8571B925DE5D65005C0B28 /* Info.plist */,
			);
			path = MyWorkSample;
			sourceTree = "<group>";
		};
		7D8571C125DE5D65005C0B28 /* MyWorkSampleTests */ = {
			isa = PBXGroup;
			children = (
				7D8571C225DE5D65005C0B28 /* MyWorkSampleTests.swift */,
				7D8571C425DE5D65005C0B28 /* Info.plist */,
			);
			path = MyWorkSampleTests;
			sourceTree = "<group>";
		};
		7D8571CC25DE5D65005C0B28 /* MyWorkSampleUITests */ = {
			isa = PBXGroup;
			children = (
				7D8571CD25DE5D65005C0B28 /* MyWorkSampleUITests.swift */,
				7D8571CF25DE5D65005C0B28 /* Info.plist */,
			);
			path = MyWorkSampleUITests;
			sourceTree = "<group>";
		};
/* End PBXGroup section */

/* Begin PBXNativeTarget section */
		7D8571A725DE5D60005C0B28 /* MyWorkSample */ = {
			isa = PBXNativeTarget;
			buildConfigurationList = 7D8571D225DE5D65005C0B28 /* Build configuration list for PBXNativeTarget "MyWorkSample" */;
			buildPhases = (
				7D8571A425DE5D60005C0B28 /* Sources */,
				7D8571A525DE5D60005C0B28 /* Frameworks */,
				7D8571A625DE5D60005C0B28 /* Resources */,
			);
			buildRules = (
			);
			dependencies = (
			);
			name = MyWorkSample;
			productName = MyWorkSample;
			productReference = 7D8571A825DE5D60005C0B28 /* MyWorkSample.app */;
			productType = "com.apple.product-type.application";
		};
		7D8571BD25DE5D65005C0B28 /* MyWorkSampleTests */ = {
			isa = PBXNativeTarget;
			buildConfigurationList = 7D8571D525DE5D65005C0B28 /* Build configuration list for PBXNativeTarget "MyWorkSampleTests" */;
			buildPhases = (
				7D8571BA25DE5D65005C0B28 /* Sources */,
				7D8571BB25DE5D65005C0B28 /* Frameworks */,
				7D8571BC25DE5D65005C0B28 /* Resources */,
			);
			buildRules = (
			);
			dependencies = (
				7D8571C025DE5D65005C0B28 /* PBXTargetDependency */,
			);
			name = MyWorkSampleTests;
			productName = MyWorkSampleTests;
			productReference = 7D8571BE25DE5D65005C0B28 /* MyWorkSampleTests.xctest */;
			productType = "com.apple.product-type.bundle.unit-test";
		};
		7D8571C825DE5D65005C0B28 /* MyWorkSampleUITests */ = {
			isa = PBXNativeTarget;
			buildConfigurationList = 7D8571D825DE5D65005C0B28 /* Build configuration list for PBXNativeTarget "MyWorkSampleUITests" */;
			buildPhases = (
				7D8571C525DE5D65005C0B28 /* Sources */,
				7D8571C625DE5D65005C0B28 /* Frameworks */,
				7D8571C725DE5D65005C0B28 /* Resources */,
			);
			buildRules = (
			);
			dependencies = (
				7D8571CB25DE5D65005C0B28 /* PBXTargetDependency */,
			);
			name = MyWorkSampleUITests;
			productName = MyWorkSampleUITests;
			productReference = 7D8571C925DE5D65005C0B28 /* MyWorkSampleUITests.xctest */;
			productType = "com.apple.product-type.bundle.ui-testing";
		};
/* End PBXNativeTarget section */

/* Begin PBXProject section */
		7D8571A025DE5D60005C0B28 /* Project object */ = {
			isa = PBXProject;
			attributes = {
				LastSwiftUpdateCheck = 1240;
				LastUpgradeCheck = 1240;
				TargetAttributes = {
					7D8571A725DE5D60005C0B28 = {
						CreatedOnToolsVersion = 12.4;
					};
					7D8571BD25DE5D65005C0B28 = {
						CreatedOnToolsVersion = 12.4;
						TestTargetID = 7D8571A725DE5D60005C0B28;
					};
					7D8571C825DE5D65005C0B28 = {
						CreatedOnToolsVersion = 12.4;
						TestTargetID = 7D8571A725DE5D60005C0B28;
					};
				};
			};
			buildConfigurationList = 7D8571A325DE5D60005C0B28 /* Build configuration list for PBXProject "MyWorkSample" */;
			compatibilityVersion = "Xcode 9.3";
			developmentRegion = en;
			hasScannedForEncodings = 0;
			knownRegions = (
				en,
				Base,
			);
			mainGroup = 7D85719F25DE5D60005C0B28;
			productRefGroup = 7D8571A925DE5D60005C0B28 /* Products */;
			projectDirPath = "";
			projectRoot = "";
			targets = (
				7D8571A725DE5D60005C0B28 /* MyWorkSample */,
				7D8571BD25DE5D65005C0B28 /* MyWorkSampleTests */,
				7D8571C825DE5D65005C0B28 /* MyWorkSampleUITests */,
			);
		};
/* End PBXProject section */

/* Begin PBXResourcesBuildPhase section */
		7D8571A625DE5D60005C0B28 /* Resources */ = {
			isa = PBXResourcesBuildPhase;
			buildActionMask = 2147483647;
			files = (
				7D8571B825DE5D65005C0B28 /* LaunchScreen.storyboard in Resources */,
				7D8571B525DE5D65005C0B28 /* Assets.xcassets in Resources */,
				7D8571B325DE5D60005C0B28 /* Main.storyboard in Resources */,
			);
			runOnlyForDeploymentPostprocessing = 0;
		};
		7D8571BC25DE5D65005C0B28 /* Resources */ = {
			isa = PBXResourcesBuildPhase;
			buildActionMask = 2147483647;
			files = (
			);
			runOnlyForDeploymentPostprocessing = 0;
		};
		7D8571C725DE5D65005C0B28 /* Resources */ = {
			isa = PBXResourcesBuildPhase;
			buildActionMask = 2147483647;
			files = (
			);
			runOnlyForDeploymentPostprocessing = 0;
		};
/* End PBXResourcesBuildPhase section */

/* Begin PBXSourcesBuildPhase section */
		7D8571A425DE5D60005C0B28 /* Sources */ = {
			isa = PBXSourcesBuildPhase;
			buildActionMask = 2147483647;
			files = (
				7D8571B025DE5D60005C0B28 /* ViewController.swift in Sources */,
				7D8571AC25DE5D60005C0B28 /* AppDelegate.swift in Sources */,
				7D8571AE25DE5D60005C0B28 /* SceneDelegate.swift in Sources */,
			);
			runOnlyForDeploymentPostprocessing = 0;
		};
		7D8571BA25DE5D65005C0B28 /* Sources */ = {
			isa = PBXSourcesBuildPhase;
			buildActionMask = 2147483647;
			files = (
				7D8571C325DE5D65005C0B28 /* MyWorkSampleTests.swift in Sources */,
			);
			runOnlyForDeploymentPostprocessing = 0;
		};
		7D8571C525DE5D65005C0B28 /* Sources */ = {
			isa = PBXSourcesBuildPhase;
			buildActionMask = 2147483647;
			files = (
				7D8571CE25DE5D65005C0B28 /* MyWorkSampleUITests.swift in Sources */,
			);
			runOnlyForDeploymentPostprocessing = 0;
		};
/* End PBXSourcesBuildPhase section */

/* Begin PBXTargetDependency section */
		7D8571C025DE5D65005C0B28 /* PBXTargetDependency */ = {
			isa = PBXTargetDependency;
			target = 7D8571A725DE5D60005C0B28 /* MyWorkSample */;
			targetProxy = 7D8571BF25DE5D65005C0B28 /* PBXContainerItemProxy */;
		};
		7D8571CB25DE5D65005C0B28 /* PBXTargetDependency */ = {
			isa = PBXTargetDependency;
			target = 7D8571A725DE5D60005C0B28 /* MyWorkSample */;
			targetProxy = 7D8571CA25DE5D65005C0B28 /* PBXContainerItemProxy */;
		};
/* End PBXTargetDependency section */

/* Begin PBXVariantGroup section */
		7D8571B125DE5D60005C0B28 /* Main.storyboard */ = {
			isa = PBXVariantGroup;
			children = (
				7D8571B225DE5D60005C0B28 /* Base */,
			);
			name = Main.storyboard;
			sourceTree = "<group>";
		};
		7D8571B625DE5D65005C0B28 /* LaunchScreen.storyboard */ = {
			isa = PBXVariantGroup;
			children = (
				7D8571B725DE5D65005C0B28 /* Base */,
			);
			name = LaunchScreen.storyboard;
			sourceTree = "<group>";
		};
/* End PBXVariantGroup section */

/* Begin XCBuildConfiguration section */
		7D8571D025DE5D65005C0B28 /* Debug */ = {
			isa = XCBuildConfiguration;
			buildSettings = {
				ALWAYS_SEARCH_USER_PATHS = NO;
				CLANG_ANALYZER_NONNULL = YES;
				CLANG_ANALYZER_NUMBER_OBJECT_CONVERSION = YES_AGGRESSIVE;
				CLANG_CXX_LANGUAGE_STANDARD = "gnu++14";
				CLANG_CXX_LIBRARY = "libc++";
				CLANG_ENABLE_MODULES = YES;
				CLANG_ENABLE_OBJC_ARC = YES;
				CLANG_ENABLE_OBJC_WEAK = YES;
				CLANG_WARN_BLOCK_CAPTURE_AUTORELEASING = YES;
				CLANG_WARN_BOOL_CONVERSION = YES;
				CLANG_WARN_COMMA = YES;
				CLANG_WARN_CONSTANT_CONVERSION = YES;
				CLANG_WARN_DEPRECATED_OBJC_IMPLEMENTATIONS = YES;
				CLANG_WARN_DIRECT_OBJC_ISA_USAGE = YES_ERROR;
				CLANG_WARN_DOCUMENTATION_COMMENTS = YES;
				CLANG_WARN_EMPTY_BODY = YES;
				CLANG_WARN_ENUM_CONVERSION = YES;
				CLANG_WARN_INFINITE_RECURSION = YES;
				CLANG_WARN_INT_CONVERSION = YES;
				CLANG_WARN_NON_LITERAL_NULL_CONVERSION = YES;
				CLANG_WARN_OBJC_IMPLICIT_RETAIN_SELF = YES;
				CLANG_WARN_OBJC_LITERAL_CONVERSION = YES;
				CLANG_WARN_OBJC_ROOT_CLASS = YES_ERROR;
				CLANG_WARN_QUOTED_INCLUDE_IN_FRAMEWORK_HEADER = YES;
				CLANG_WARN_RANGE_LOOP_ANALYSIS = YES;
				CLANG_WARN_STRICT_PROTOTYPES = YES;
				CLANG_WARN_SUSPICIOUS_MOVE = YES;
				CLANG_WARN_UNGUARDED_AVAILABILITY = YES_AGGRESSIVE;
				CLANG_WARN_UNREACHABLE_CODE = YES;
				CLANG_WARN__DUPLICATE_METHOD_MATCH = YES;
				COPY_PHASE_STRIP = NO;
				DEBUG_INFORMATION_FORMAT = dwarf;
				ENABLE_STRICT_OBJC_MSGSEND = YES;
				ENABLE_TESTABILITY = YES;
				GCC_C_LANGUAGE_STANDARD = gnu11;
				GCC_DYNAMIC_NO_PIC = NO;
				GCC_NO_COMMON_BLOCKS = YES;
				GCC_OPTIMIZATION_LEVEL = 0;
				GCC_PREPROCESSOR_DEFINITIONS = (
					"DEBUG=1",
					"$(inherited)",
				);
				GCC_WARN_64_TO_32_BIT_CONVERSION = YES;
				GCC_WARN_ABOUT_RETURN_TYPE = YES_ERROR;
				GCC_WARN_UNDECLARED_SELECTOR = YES;
				GCC_WARN_UNINITIALIZED_AUTOS = YES_AGGRESSIVE;
				GCC_WARN_UNUSED_FUNCTION = YES;
				GCC_WARN_UNUSED_VARIABLE = YES;
				IPHONEOS_DEPLOYMENT_TARGET = 14.4;
				MTL_ENABLE_DEBUG_INFO = INCLUDE_SOURCE;
				MTL_FAST_MATH = YES;
				ONLY_ACTIVE_ARCH = YES;
				SDKROOT = iphoneos;
				SWIFT_ACTIVE_COMPILATION_CONDITIONS = DEBUG;
				SWIFT_OPTIMIZATION_LEVEL = "-Onone";
			};
			name = Debug;
		};
		7D8571D125DE5D65005C0B28 /* Release */ = {
			isa = XCBuildConfiguration;
			buildSettings = {
				ALWAYS_SEARCH_USER_PATHS = NO;
				CLANG_ANALYZER_NONNULL = YES;
				CLANG_ANALYZER_NUMBER_OBJECT_CONVERSION = YES_AGGRESSIVE;
				CLANG_CXX_LANGUAGE_STANDARD = "gnu++14";
				CLANG_CXX_LIBRARY = "libc++";
				CLANG_ENABLE_MODULES = YES;
				CLANG_ENABLE_OBJC_ARC = YES;
				CLANG_ENABLE_OBJC_WEAK = YES;
				CLANG_WARN_BLOCK_CAPTURE_AUTORELEASING = YES;
				CLANG_WARN_BOOL_CONVERSION = YES;
				CLANG_WARN_COMMA = YES;
				CLANG_WARN_CONSTANT_CONVERSION = YES;
				CLANG_WARN_DEPRECATED_OBJC_IMPLEMENTATIONS = YES;
				CLANG_WARN_DIRECT_OBJC_ISA_USAGE = YES_ERROR;
				CLANG_WARN_DOCUMENTATION_COMMENTS = YES;
				CLANG_WARN_EMPTY_BODY = YES;
				CLANG_WARN_ENUM_CONVERSION = YES;
				CLANG_WARN_INFINITE_RECURSION = YES;
				CLANG_WARN_INT_CONVERSION = YES;
				CLANG_WARN_NON_LITERAL_NULL_CONVERSION = YES;
				CLANG_WARN_OBJC_IMPLICIT_RETAIN_SELF = YES;
				CLANG_WARN_OBJC_LITERAL_CONVERSION = YES;
				CLANG_WARN_OBJC_ROOT_CLASS = YES_ERROR;
				CLANG_WARN_QUOTED_INCLUDE_IN_FRAMEWORK_HEADER = YES;
				CLANG_WARN_RANGE_LOOP_ANALYSIS = YES;
				CLANG_WARN_STRICT_PROTOTYPES = YES;
				CLANG_WARN_SUSPICIOUS_MOVE = YES;
				CLANG_WARN_UNGUARDED_AVAILABILITY = YES_AGGRESSIVE;
				CLANG_WARN_UNREACHABLE_CODE = YES;
				CLANG_WARN__DUPLICATE_METHOD_MATCH = YES;
				COPY_PHASE_STRIP = NO;
				DEBUG_INFORMATION_FORMAT = "dwarf-with-dsym";
				ENABLE_NS_ASSERTIONS = NO;
				ENABLE_STRICT_OBJC_MSGSEND = YES;
				GCC_C_LANGUAGE_STANDARD = gnu11;
				GCC_NO_COMMON_BLOCKS = YES;
				GCC_WARN_64_TO_32_BIT_CONVERSION = YES;
				GCC_WARN_ABOUT_RETURN_TYPE = YES_ERROR;
				GCC_WARN_UNDECLARED_SELECTOR = YES;
				GCC_WARN_UNINITIALIZED_AUTOS = YES_AGGRESSIVE;
				GCC_WARN_UNUSED_FUNCTION = YES;
				GCC_WARN_UNUSED_VARIABLE = YES;
				IPHONEOS_DEPLOYMENT_TARGET = 14.4;
				MTL_ENABLE_DEBUG_INFO = NO;
				MTL_FAST_MATH = YES;
				SDKROOT = iphoneos;
				SWIFT_COMPILATION_MODE = wholemodule;
				SWIFT_OPTIMIZATION_LEVEL = "-O";
				VALIDATE_PRODUCT = YES;
			};
			name = Release;
		};
		7D8571D325DE5D65005C0B28 /* Debug */ = {
			isa = XCBuildConfiguration;
			buildSettings = {
				ASSETCATALOG_COMPILER_APPICON_NAME = AppIcon;
				ASSETCATALOG_COMPILER_GLOBAL_ACCENT_COLOR_NAME = AccentColor;
				CODE_SIGN_STYLE = Automatic;
				DEVELOPMENT_TEAM = NZSUHT5DUD;
				INFOPLIST_FILE = MyWorkSample/Info.plist;
				LD_RUNPATH_SEARCH_PATHS = (
					"$(inherited)",
					"@executable_path/Frameworks",
				);
				PRODUCT_BUNDLE_IDENTIFIER = com.MyWorkSample;
				PRODUCT_NAME = "$(TARGET_NAME)";
				SWIFT_VERSION = 5.0;
				TARGETED_DEVICE_FAMILY = "1,2";
			};
			name = Debug;
		};
		7D8571D425DE5D65005C0B28 /* Release */ = {
			isa = XCBuildConfiguration;
			buildSettings = {
				ASSETCATALOG_COMPILER_APPICON_NAME = AppIcon;
				ASSETCATALOG_COMPILER_GLOBAL_ACCENT_COLOR_NAME = AccentColor;
				CODE_SIGN_STYLE = Automatic;
				DEVELOPMENT_TEAM = NZSUHT5DUD;
				INFOPLIST_FILE = MyWorkSample/Info.plist;
				LD_RUNPATH_SEARCH_PATHS = (
					"$(inherited)",
					"@executable_path/Frameworks",
				);
				PRODUCT_BUNDLE_IDENTIFIER = com.MyWorkSample;
				PRODUCT_NAME = "$(TARGET_NAME)";
				SWIFT_VERSION = 5.0;
				TARGETED_DEVICE_FAMILY = "1,2";
			};
			name = Release;
		};
		7D8571D625DE5D65005C0B28 /* Debug */ = {
			isa = XCBuildConfiguration;
			buildSettings = {
				ALWAYS_EMBED_SWIFT_STANDARD_LIBRARIES = YES;
				BUNDLE_LOADER = "$(TEST_HOST)";
				CODE_SIGN_STYLE = Automatic;
				DEVELOPMENT_TEAM = NZSUHT5DUD;
				INFOPLIST_FILE = MyWorkSampleTests/Info.plist;
				IPHONEOS_DEPLOYMENT_TARGET = 14.4;
				LD_RUNPATH_SEARCH_PATHS = (
					"$(inherited)",
					"@executable_path/Frameworks",
					"@loader_path/Frameworks",
				);
				PRODUCT_BUNDLE_IDENTIFIER = com.MyWorkSampleTests;
				PRODUCT_NAME = "$(TARGET_NAME)";
				SWIFT_VERSION = 5.0;
				TARGETED_DEVICE_FAMILY = "1,2";
				TEST_HOST = "$(BUILT_PRODUCTS_DIR)/MyWorkSample.app/MyWorkSample";
			};
			name = Debug;
		};
		7D8571D725DE5D65005C0B28 /* Release */ = {
			isa = XCBuildConfiguration;
			buildSettings = {
				ALWAYS_EMBED_SWIFT_STANDARD_LIBRARIES = YES;
				BUNDLE_LOADER = "$(TEST_HOST)";
				CODE_SIGN_STYLE = Automatic;
				DEVELOPMENT_TEAM = NZSUHT5DUD;
				INFOPLIST_FILE = MyWorkSampleTests/Info.plist;
				IPHONEOS_DEPLOYMENT_TARGET = 14.4;
				LD_RUNPATH_SEARCH_PATHS = (
					"$(inherited)",
					"@executable_path/Frameworks",
					"@loader_path/Frameworks",
				);
				PRODUCT_BUNDLE_IDENTIFIER = com.MyWorkSampleTests;
				PRODUCT_NAME = "$(TARGET_NAME)";
				SWIFT_VERSION = 5.0;
				TARGETED_DEVICE_FAMILY = "1,2";
				TEST_HOST = "$(BUILT_PRODUCTS_DIR)/MyWorkSample.app/MyWorkSample";
			};
			name = Release;
		};
		7D8571D925DE5D65005C0B28 /* Debug */ = {
			isa = XCBuildConfiguration;
			buildSettings = {
				ALWAYS_EMBED_SWIFT_STANDARD_LIBRARIES = YES;
				CODE_SIGN_STYLE = Automatic;
				DEVELOPMENT_TEAM = NZSUHT5DUD;
				INFOPLIST_FILE = MyWorkSampleUITests/Info.plist;
				LD_RUNPATH_SEARCH_PATHS = (
					"$(inherited)",
					"@executable_path/Frameworks",
					"@loader_path/Frameworks",
				);
				PRODUCT_BUNDLE_IDENTIFIER = com.MyWorkSampleUITests;
				PRODUCT_NAME = "$(TARGET_NAME)";
				SWIFT_VERSION = 5.0;
				TARGETED_DEVICE_FAMILY = "1,2";
				TEST_TARGET_NAME = MyWorkSample;
			};
			name = Debug;
		};
		7D8571DA25DE5D65005C0B28 /* Release */ = {
			isa = XCBuildConfiguration;
			buildSettings = {
				ALWAYS_EMBED_SWIFT_STANDARD_LIBRARIES = YES;
				CODE_SIGN_STYLE = Automatic;
				DEVELOPMENT_TEAM = NZSUHT5DUD;
				INFOPLIST_FILE = MyWorkSampleUITests/Info.plist;
				LD_RUNPATH_SEARCH_PATHS = (
					"$(inherited)",
					"@executable_path/Frameworks",
					"@loader_path/Frameworks",
				);
				PRODUCT_BUNDLE_IDENTIFIER = com.MyWorkSampleUITests;
				PRODUCT_NAME = "$(TARGET_NAME)";
				SWIFT_VERSION = 5.0;
				TARGETED_DEVICE_FAMILY = "1,2";
				TEST_TARGET_NAME = MyWorkSample;
			};
			name = Release;
		};
/* End XCBuildConfiguration section */

/* Begin XCConfigurationList section */
		7D8571A325DE5D60005C0B28 /* Build configuration list for PBXProject "MyWorkSample" */ = {
			isa = XCConfigurationList;
			buildConfigurations = (
				7D8571D025DE5D65005C0B28 /* Debug */,
				7D8571D125DE5D65005C0B28 /* Release */,
			);
			defaultConfigurationIsVisible = 0;
			defaultConfigurationName = Release;
		};
		7D8571D225DE5D65005C0B28 /* Build configuration list for PBXNativeTarget "MyWorkSample" */ = {
			isa = XCConfigurationList;
			buildConfigurations = (
				7D8571D325DE5D65005C0B28 /* Debug */,
				7D8571D425DE5D65005C0B28 /* Release */,
			);
			defaultConfigurationIsVisible = 0;
			defaultConfigurationName = Release;
		};
		7D8571D525DE5D65005C0B28 /* Build configuration list for PBXNativeTarget "MyWorkSampleTests" */ = {
			isa = XCConfigurationList;
			buildConfigurations = (
				7D8571D625DE5D65005C0B28 /* Debug */,
				7D8571D725DE5D65005C0B28 /* Release */,
			);
			defaultConfigurationIsVisible = 0;
			defaultConfigurationName = Release;
		};
		7D8571D825DE5D65005C0B28 /* Build configuration list for PBXNativeTarget "MyWorkSampleUITests" */ = {
			isa = XCConfigurationList;
			buildConfigurations = (
				7D8571D925DE5D65005C0B28 /* Debug */,
				7D8571DA25DE5D65005C0B28 /* Release */,
			);
			defaultConfigurationIsVisible = 0;
			defaultConfigurationName = Release;
		};
/* End XCConfigurationList section */
	};
	rootObject = 7D8571A025DE5D60005C0B28 /* Project object */;
}
