// !$*UTF8*$!
{
	archiveVersion = 1;
	classes = {
	};
	objectVersion = 50;
	objects = {

/* Begin PBXBuildFile section */
		7D4DA27C25C07BFF00BE7787 /* AppDelegate.swift in Sources */ = {isa = PBXBuildFile; fileRef = 7D4DA27B25C07BFF00BE7787 /* AppDelegate.swift */; };
		7D4DA27E25C07BFF00BE7787 /* SceneDelegate.swift in Sources */ = {isa = PBXBuildFile; fileRef = 7D4DA27D25C07BFF00BE7787 /* SceneDelegate.swift */; };
		7D4DA28025C07BFF00BE7787 /* ViewController.swift in Sources */ = {isa = PBXBuildFile; fileRef = 7D4DA27F25C07BFF00BE7787 /* ViewController.swift */; };
		7D4DA28325C07BFF00BE7787 /* Main.storyboard in Resources */ = {isa = PBXBuildFile; fileRef = 7D4DA28125C07BFF00BE7787 /* Main.storyboard */; };
		7D4DA28525C07C0000BE7787 /* Assets.xcassets in Resources */ = {isa = PBXBuildFile; fileRef = 7D4DA28425C07C0000BE7787 /* Assets.xcassets */; };
		7D4DA28825C07C0000BE7787 /* LaunchScreen.storyboard in Resources */ = {isa = PBXBuildFile; fileRef = 7D4DA28625C07C0000BE7787 /* LaunchScreen.storyboard */; };
		7D4DA29325C07C0100BE7787 /* DI_SampleTests.swift in Sources */ = {isa = PBXBuildFile; fileRef = 7D4DA29225C07C0100BE7787 /* DI_SampleTests.swift */; };
		7D4DA29E25C07C0100BE7787 /* DI_SampleUITests.swift in Sources */ = {isa = PBXBuildFile; fileRef = 7D4DA29D25C07C0100BE7787 /* DI_SampleUITests.swift */; };
/* End PBXBuildFile section */

/* Begin PBXContainerItemProxy section */
		7D4DA28F25C07C0100BE7787 /* PBXContainerItemProxy */ = {
			isa = PBXContainerItemProxy;
			containerPortal = 7D4DA27025C07BFF00BE7787 /* Project object */;
			proxyType = 1;
			remoteGlobalIDString = 7D4DA27725C07BFF00BE7787;
			remoteInfo = DI_Sample;
		};
		7D4DA29A25C07C0100BE7787 /* PBXContainerItemProxy */ = {
			isa = PBXContainerItemProxy;
			containerPortal = 7D4DA27025C07BFF00BE7787 /* Project object */;
			proxyType = 1;
			remoteGlobalIDString = 7D4DA27725C07BFF00BE7787;
			remoteInfo = DI_Sample;
		};
/* End PBXContainerItemProxy section */

/* Begin PBXFileReference section */
		7D4DA27825C07BFF00BE7787 /* DI_Sample.app */ = {isa = PBXFileReference; explicitFileType = wrapper.application; includeInIndex = 0; path = DI_Sample.app; sourceTree = BUILT_PRODUCTS_DIR; };
		7D4DA27B25C07BFF00BE7787 /* AppDelegate.swift */ = {isa = PBXFileReference; lastKnownFileType = sourcecode.swift; path = AppDelegate.swift; sourceTree = "<group>"; };
		7D4DA27D25C07BFF00BE7787 /* SceneDelegate.swift */ = {isa = PBXFileReference; lastKnownFileType = sourcecode.swift; path = SceneDelegate.swift; sourceTree = "<group>"; };
		7D4DA27F25C07BFF00BE7787 /* ViewController.swift */ = {isa = PBXFileReference; lastKnownFileType = sourcecode.swift; path = ViewController.swift; sourceTree = "<group>"; };
		7D4DA28225C07BFF00BE7787 /* Base */ = {isa = PBXFileReference; lastKnownFileType = file.storyboard; name = Base; path = Base.lproj/Main.storyboard; sourceTree = "<group>"; };
		7D4DA28425C07C0000BE7787 /* Assets.xcassets */ = {isa = PBXFileReference; lastKnownFileType = folder.assetcatalog; path = Assets.xcassets; sourceTree = "<group>"; };
		7D4DA28725C07C0000BE7787 /* Base */ = {isa = PBXFileReference; lastKnownFileType = file.storyboard; name = Base; path = Base.lproj/LaunchScreen.storyboard; sourceTree = "<group>"; };
		7D4DA28925C07C0000BE7787 /* Info.plist */ = {isa = PBXFileReference; lastKnownFileType = text.plist.xml; path = Info.plist; sourceTree = "<group>"; };
		7D4DA28E25C07C0100BE7787 /* DI_SampleTests.xctest */ = {isa = PBXFileReference; explicitFileType = wrapper.cfbundle; includeInIndex = 0; path = DI_SampleTests.xctest; sourceTree = BUILT_PRODUCTS_DIR; };
		7D4DA29225C07C0100BE7787 /* DI_SampleTests.swift */ = {isa = PBXFileReference; lastKnownFileType = sourcecode.swift; path = DI_SampleTests.swift; sourceTree = "<group>"; };
		7D4DA29425C07C0100BE7787 /* Info.plist */ = {isa = PBXFileReference; lastKnownFileType = text.plist.xml; path = Info.plist; sourceTree = "<group>"; };
		7D4DA29925C07C0100BE7787 /* DI_SampleUITests.xctest */ = {isa = PBXFileReference; explicitFileType = wrapper.cfbundle; includeInIndex = 0; path = DI_SampleUITests.xctest; sourceTree = BUILT_PRODUCTS_DIR; };
		7D4DA29D25C07C0100BE7787 /* DI_SampleUITests.swift */ = {isa = PBXFileReference; lastKnownFileType = sourcecode.swift; path = DI_SampleUITests.swift; sourceTree = "<group>"; };
		7D4DA29F25C07C0100BE7787 /* Info.plist */ = {isa = PBXFileReference; lastKnownFileType = text.plist.xml; path = Info.plist; sourceTree = "<group>"; };
/* End PBXFileReference section */

/* Begin PBXFrameworksBuildPhase section */
		7D4DA27525C07BFF00BE7787 /* Frameworks */ = {
			isa = PBXFrameworksBuildPhase;
			buildActionMask = 2147483647;
			files = (
			);
			runOnlyForDeploymentPostprocessing = 0;
		};
		7D4DA28B25C07C0100BE7787 /* Frameworks */ = {
			isa = PBXFrameworksBuildPhase;
			buildActionMask = 2147483647;
			files = (
			);
			runOnlyForDeploymentPostprocessing = 0;
		};
		7D4DA29625C07C0100BE7787 /* Frameworks */ = {
			isa = PBXFrameworksBuildPhase;
			buildActionMask = 2147483647;
			files = (
			);
			runOnlyForDeploymentPostprocessing = 0;
		};
/* End PBXFrameworksBuildPhase section */

/* Begin PBXGroup section */
		7D4DA26F25C07BFF00BE7787 = {
			isa = PBXGroup;
			children = (
				7D4DA27A25C07BFF00BE7787 /* DI_Sample */,
				7D4DA29125C07C0100BE7787 /* DI_SampleTests */,
				7D4DA29C25C07C0100BE7787 /* DI_SampleUITests */,
				7D4DA27925C07BFF00BE7787 /* Products */,
			);
			sourceTree = "<group>";
		};
		7D4DA27925C07BFF00BE7787 /* Products */ = {
			isa = PBXGroup;
			children = (
				7D4DA27825C07BFF00BE7787 /* DI_Sample.app */,
				7D4DA28E25C07C0100BE7787 /* DI_SampleTests.xctest */,
				7D4DA29925C07C0100BE7787 /* DI_SampleUITests.xctest */,
			);
			name = Products;
			sourceTree = "<group>";
		};
		7D4DA27A25C07BFF00BE7787 /* DI_Sample */ = {
			isa = PBXGroup;
			children = (
				7D4DA27B25C07BFF00BE7787 /* AppDelegate.swift */,
				7D4DA27D25C07BFF00BE7787 /* SceneDelegate.swift */,
				7D4DA27F25C07BFF00BE7787 /* ViewController.swift */,
				7D4DA28125C07BFF00BE7787 /* Main.storyboard */,
				7D4DA28425C07C0000BE7787 /* Assets.xcassets */,
				7D4DA28625C07C0000BE7787 /* LaunchScreen.storyboard */,
				7D4DA28925C07C0000BE7787 /* Info.plist */,
			);
			path = DI_Sample;
			sourceTree = "<group>";
		};
		7D4DA29125C07C0100BE7787 /* DI_SampleTests */ = {
			isa = PBXGroup;
			children = (
				7D4DA29225C07C0100BE7787 /* DI_SampleTests.swift */,
				7D4DA29425C07C0100BE7787 /* Info.plist */,
			);
			path = DI_SampleTests;
			sourceTree = "<group>";
		};
		7D4DA29C25C07C0100BE7787 /* DI_SampleUITests */ = {
			isa = PBXGroup;
			children = (
				7D4DA29D25C07C0100BE7787 /* DI_SampleUITests.swift */,
				7D4DA29F25C07C0100BE7787 /* Info.plist */,
			);
			path = DI_SampleUITests;
			sourceTree = "<group>";
		};
/* End PBXGroup section */

/* Begin PBXNativeTarget section */
		7D4DA27725C07BFF00BE7787 /* DI_Sample */ = {
			isa = PBXNativeTarget;
			buildConfigurationList = 7D4DA2A225C07C0100BE7787 /* Build configuration list for PBXNativeTarget "DI_Sample" */;
			buildPhases = (
				7D4DA27425C07BFF00BE7787 /* Sources */,
				7D4DA27525C07BFF00BE7787 /* Frameworks */,
				7D4DA27625C07BFF00BE7787 /* Resources */,
			);
			buildRules = (
			);
			dependencies = (
			);
			name = DI_Sample;
			productName = DI_Sample;
			productReference = 7D4DA27825C07BFF00BE7787 /* DI_Sample.app */;
			productType = "com.apple.product-type.application";
		};
		7D4DA28D25C07C0100BE7787 /* DI_SampleTests */ = {
			isa = PBXNativeTarget;
			buildConfigurationList = 7D4DA2A525C07C0100BE7787 /* Build configuration list for PBXNativeTarget "DI_SampleTests" */;
			buildPhases = (
				7D4DA28A25C07C0100BE7787 /* Sources */,
				7D4DA28B25C07C0100BE7787 /* Frameworks */,
				7D4DA28C25C07C0100BE7787 /* Resources */,
			);
			buildRules = (
			);
			dependencies = (
				7D4DA29025C07C0100BE7787 /* PBXTargetDependency */,
			);
			name = DI_SampleTests;
			productName = DI_SampleTests;
			productReference = 7D4DA28E25C07C0100BE7787 /* DI_SampleTests.xctest */;
			productType = "com.apple.product-type.bundle.unit-test";
		};
		7D4DA29825C07C0100BE7787 /* DI_SampleUITests */ = {
			isa = PBXNativeTarget;
			buildConfigurationList = 7D4DA2A825C07C0100BE7787 /* Build configuration list for PBXNativeTarget "DI_SampleUITests" */;
			buildPhases = (
				7D4DA29525C07C0100BE7787 /* Sources */,
				7D4DA29625C07C0100BE7787 /* Frameworks */,
				7D4DA29725C07C0100BE7787 /* Resources */,
			);
			buildRules = (
			);
			dependencies = (
				7D4DA29B25C07C0100BE7787 /* PBXTargetDependency */,
			);
			name = DI_SampleUITests;
			productName = DI_SampleUITests;
			productReference = 7D4DA29925C07C0100BE7787 /* DI_SampleUITests.xctest */;
			productType = "com.apple.product-type.bundle.ui-testing";
		};
/* End PBXNativeTarget section */

/* Begin PBXProject section */
		7D4DA27025C07BFF00BE7787 /* Project object */ = {
			isa = PBXProject;
			attributes = {
				LastSwiftUpdateCheck = 1230;
				LastUpgradeCheck = 1230;
				TargetAttributes = {
					7D4DA27725C07BFF00BE7787 = {
						CreatedOnToolsVersion = 12.3;
					};
					7D4DA28D25C07C0100BE7787 = {
						CreatedOnToolsVersion = 12.3;
						TestTargetID = 7D4DA27725C07BFF00BE7787;
					};
					7D4DA29825C07C0100BE7787 = {
						CreatedOnToolsVersion = 12.3;
						TestTargetID = 7D4DA27725C07BFF00BE7787;
					};
				};
			};
			buildConfigurationList = 7D4DA27325C07BFF00BE7787 /* Build configuration list for PBXProject "DI_Sample" */;
			compatibilityVersion = "Xcode 9.3";
			developmentRegion = en;
			hasScannedForEncodings = 0;
			knownRegions = (
				en,
				Base,
			);
			mainGroup = 7D4DA26F25C07BFF00BE7787;
			productRefGroup = 7D4DA27925C07BFF00BE7787 /* Products */;
			projectDirPath = "";
			projectRoot = "";
			targets = (
				7D4DA27725C07BFF00BE7787 /* DI_Sample */,
				7D4DA28D25C07C0100BE7787 /* DI_SampleTests */,
				7D4DA29825C07C0100BE7787 /* DI_SampleUITests */,
			);
		};
/* End PBXProject section */

/* Begin PBXResourcesBuildPhase section */
		7D4DA27625C07BFF00BE7787 /* Resources */ = {
			isa = PBXResourcesBuildPhase;
			buildActionMask = 2147483647;
			files = (
				7D4DA28825C07C0000BE7787 /* LaunchScreen.storyboard in Resources */,
				7D4DA28525C07C0000BE7787 /* Assets.xcassets in Resources */,
				7D4DA28325C07BFF00BE7787 /* Main.storyboard in Resources */,
			);
			runOnlyForDeploymentPostprocessing = 0;
		};
		7D4DA28C25C07C0100BE7787 /* Resources */ = {
			isa = PBXResourcesBuildPhase;
			buildActionMask = 2147483647;
			files = (
			);
			runOnlyForDeploymentPostprocessing = 0;
		};
		7D4DA29725C07C0100BE7787 /* Resources */ = {
			isa = PBXResourcesBuildPhase;
			buildActionMask = 2147483647;
			files = (
			);
			runOnlyForDeploymentPostprocessing = 0;
		};
/* End PBXResourcesBuildPhase section */

/* Begin PBXSourcesBuildPhase section */
		7D4DA27425C07BFF00BE7787 /* Sources */ = {
			isa = PBXSourcesBuildPhase;
			buildActionMask = 2147483647;
			files = (
				7D4DA28025C07BFF00BE7787 /* ViewController.swift in Sources */,
				7D4DA27C25C07BFF00BE7787 /* AppDelegate.swift in Sources */,
				7D4DA27E25C07BFF00BE7787 /* SceneDelegate.swift in Sources */,
			);
			runOnlyForDeploymentPostprocessing = 0;
		};
		7D4DA28A25C07C0100BE7787 /* Sources */ = {
			isa = PBXSourcesBuildPhase;
			buildActionMask = 2147483647;
			files = (
				7D4DA29325C07C0100BE7787 /* DI_SampleTests.swift in Sources */,
			);
			runOnlyForDeploymentPostprocessing = 0;
		};
		7D4DA29525C07C0100BE7787 /* Sources */ = {
			isa = PBXSourcesBuildPhase;
			buildActionMask = 2147483647;
			files = (
				7D4DA29E25C07C0100BE7787 /* DI_SampleUITests.swift in Sources */,
			);
			runOnlyForDeploymentPostprocessing = 0;
		};
/* End PBXSourcesBuildPhase section */

/* Begin PBXTargetDependency section */
		7D4DA29025C07C0100BE7787 /* PBXTargetDependency */ = {
			isa = PBXTargetDependency;
			target = 7D4DA27725C07BFF00BE7787 /* DI_Sample */;
			targetProxy = 7D4DA28F25C07C0100BE7787 /* PBXContainerItemProxy */;
		};
		7D4DA29B25C07C0100BE7787 /* PBXTargetDependency */ = {
			isa = PBXTargetDependency;
			target = 7D4DA27725C07BFF00BE7787 /* DI_Sample */;
			targetProxy = 7D4DA29A25C07C0100BE7787 /* PBXContainerItemProxy */;
		};
/* End PBXTargetDependency section */

/* Begin PBXVariantGroup section */
		7D4DA28125C07BFF00BE7787 /* Main.storyboard */ = {
			isa = PBXVariantGroup;
			children = (
				7D4DA28225C07BFF00BE7787 /* Base */,
			);
			name = Main.storyboard;
			sourceTree = "<group>";
		};
		7D4DA28625C07C0000BE7787 /* LaunchScreen.storyboard */ = {
			isa = PBXVariantGroup;
			children = (
				7D4DA28725C07C0000BE7787 /* Base */,
			);
			name = LaunchScreen.storyboard;
			sourceTree = "<group>";
		};
/* End PBXVariantGroup section */

/* Begin XCBuildConfiguration section */
		7D4DA2A025C07C0100BE7787 /* Debug */ = {
			isa = XCBuildConfiguration;
			buildSettings = {
				ALWAYS_SEARCH_USER_PATHS = NO;
				CLANG_ANALYZER_NONNULL = YES;
				CLANG_ANALYZER_NUMBER_OBJECT_CONVERSION = YES_AGGRESSIVE;
				CLANG_CXX_LANGUAGE_STANDARD = "gnu++14";
				CLANG_CXX_LIBRARY = "libc++";
				CLANG_ENABLE_MODULES = YES;
				CLANG_ENABLE_OBJC_ARC = YES;
				CLANG_ENABLE_OBJC_WEAK = YES;
				CLANG_WARN_BLOCK_CAPTURE_AUTORELEASING = YES;
				CLANG_WARN_BOOL_CONVERSION = YES;
				CLANG_WARN_COMMA = YES;
				CLANG_WARN_CONSTANT_CONVERSION = YES;
				CLANG_WARN_DEPRECATED_OBJC_IMPLEMENTATIONS = YES;
				CLANG_WARN_DIRECT_OBJC_ISA_USAGE = YES_ERROR;
				CLANG_WARN_DOCUMENTATION_COMMENTS = YES;
				CLANG_WARN_EMPTY_BODY = YES;
				CLANG_WARN_ENUM_CONVERSION = YES;
				CLANG_WARN_INFINITE_RECURSION = YES;
				CLANG_WARN_INT_CONVERSION = YES;
				CLANG_WARN_NON_LITERAL_NULL_CONVERSION = YES;
				CLANG_WARN_OBJC_IMPLICIT_RETAIN_SELF = YES;
				CLANG_WARN_OBJC_LITERAL_CONVERSION = YES;
				CLANG_WARN_OBJC_ROOT_CLASS = YES_ERROR;
				CLANG_WARN_QUOTED_INCLUDE_IN_FRAMEWORK_HEADER = YES;
				CLANG_WARN_RANGE_LOOP_ANALYSIS = YES;
				CLANG_WARN_STRICT_PROTOTYPES = YES;
				CLANG_WARN_SUSPICIOUS_MOVE = YES;
				CLANG_WARN_UNGUARDED_AVAILABILITY = YES_AGGRESSIVE;
				CLANG_WARN_UNREACHABLE_CODE = YES;
				CLANG_WARN__DUPLICATE_METHOD_MATCH = YES;
				COPY_PHASE_STRIP = NO;
				DEBUG_INFORMATION_FORMAT = dwarf;
				ENABLE_STRICT_OBJC_MSGSEND = YES;
				ENABLE_TESTABILITY = YES;
				GCC_C_LANGUAGE_STANDARD = gnu11;
				GCC_DYNAMIC_NO_PIC = NO;
				GCC_NO_COMMON_BLOCKS = YES;
				GCC_OPTIMIZATION_LEVEL = 0;
				GCC_PREPROCESSOR_DEFINITIONS = (
					"DEBUG=1",
					"$(inherited)",
				);
				GCC_WARN_64_TO_32_BIT_CONVERSION = YES;
				GCC_WARN_ABOUT_RETURN_TYPE = YES_ERROR;
				GCC_WARN_UNDECLARED_SELECTOR = YES;
				GCC_WARN_UNINITIALIZED_AUTOS = YES_AGGRESSIVE;
				GCC_WARN_UNUSED_FUNCTION = YES;
				GCC_WARN_UNUSED_VARIABLE = YES;
				IPHONEOS_DEPLOYMENT_TARGET = 14.3;
				MTL_ENABLE_DEBUG_INFO = INCLUDE_SOURCE;
				MTL_FAST_MATH = YES;
				ONLY_ACTIVE_ARCH = YES;
				SDKROOT = iphoneos;
				SWIFT_ACTIVE_COMPILATION_CONDITIONS = DEBUG;
				SWIFT_OPTIMIZATION_LEVEL = "-Onone";
			};
			name = Debug;
		};
		7D4DA2A125C07C0100BE7787 /* Release */ = {
			isa = XCBuildConfiguration;
			buildSettings = {
				ALWAYS_SEARCH_USER_PATHS = NO;
				CLANG_ANALYZER_NONNULL = YES;
				CLANG_ANALYZER_NUMBER_OBJECT_CONVERSION = YES_AGGRESSIVE;
				CLANG_CXX_LANGUAGE_STANDARD = "gnu++14";
				CLANG_CXX_LIBRARY = "libc++";
				CLANG_ENABLE_MODULES = YES;
				CLANG_ENABLE_OBJC_ARC = YES;
				CLANG_ENABLE_OBJC_WEAK = YES;
				CLANG_WARN_BLOCK_CAPTURE_AUTORELEASING = YES;
				CLANG_WARN_BOOL_CONVERSION = YES;
				CLANG_WARN_COMMA = YES;
				CLANG_WARN_CONSTANT_CONVERSION = YES;
				CLANG_WARN_DEPRECATED_OBJC_IMPLEMENTATIONS = YES;
				CLANG_WARN_DIRECT_OBJC_ISA_USAGE = YES_ERROR;
				CLANG_WARN_DOCUMENTATION_COMMENTS = YES;
				CLANG_WARN_EMPTY_BODY = YES;
				CLANG_WARN_ENUM_CONVERSION = YES;
				CLANG_WARN_INFINITE_RECURSION = YES;
				CLANG_WARN_INT_CONVERSION = YES;
				CLANG_WARN_NON_LITERAL_NULL_CONVERSION = YES;
				CLANG_WARN_OBJC_IMPLICIT_RETAIN_SELF = YES;
				CLANG_WARN_OBJC_LITERAL_CONVERSION = YES;
				CLANG_WARN_OBJC_ROOT_CLASS = YES_ERROR;
				CLANG_WARN_QUOTED_INCLUDE_IN_FRAMEWORK_HEADER = YES;
				CLANG_WARN_RANGE_LOOP_ANALYSIS = YES;
				CLANG_WARN_STRICT_PROTOTYPES = YES;
				CLANG_WARN_SUSPICIOUS_MOVE = YES;
				CLANG_WARN_UNGUARDED_AVAILABILITY = YES_AGGRESSIVE;
				CLANG_WARN_UNREACHABLE_CODE = YES;
				CLANG_WARN__DUPLICATE_METHOD_MATCH = YES;
				COPY_PHASE_STRIP = NO;
				DEBUG_INFORMATION_FORMAT = "dwarf-with-dsym";
				ENABLE_NS_ASSERTIONS = NO;
				ENABLE_STRICT_OBJC_MSGSEND = YES;
				GCC_C_LANGUAGE_STANDARD = gnu11;
				GCC_NO_COMMON_BLOCKS = YES;
				GCC_WARN_64_TO_32_BIT_CONVERSION = YES;
				GCC_WARN_ABOUT_RETURN_TYPE = YES_ERROR;
				GCC_WARN_UNDECLARED_SELECTOR = YES;
				GCC_WARN_UNINITIALIZED_AUTOS = YES_AGGRESSIVE;
				GCC_WARN_UNUSED_FUNCTION = YES;
				GCC_WARN_UNUSED_VARIABLE = YES;
				IPHONEOS_DEPLOYMENT_TARGET = 14.3;
				MTL_ENABLE_DEBUG_INFO = NO;
				MTL_FAST_MATH = YES;
				SDKROOT = iphoneos;
				SWIFT_COMPILATION_MODE = wholemodule;
				SWIFT_OPTIMIZATION_LEVEL = "-O";
				VALIDATE_PRODUCT = YES;
			};
			name = Release;
		};
		7D4DA2A325C07C0100BE7787 /* Debug */ = {
			isa = XCBuildConfiguration;
			buildSettings = {
				ASSETCATALOG_COMPILER_APPICON_NAME = AppIcon;
				ASSETCATALOG_COMPILER_GLOBAL_ACCENT_COLOR_NAME = AccentColor;
				CODE_SIGN_STYLE = Automatic;
				DEVELOPMENT_TEAM = NZSUHT5DUD;
				INFOPLIST_FILE = DI_Sample/Info.plist;
				LD_RUNPATH_SEARCH_PATHS = (
					"$(inherited)",
					"@executable_path/Frameworks",
				);
				PRODUCT_BUNDLE_IDENTIFIER = "com.DI-Sample";
				PRODUCT_NAME = "$(TARGET_NAME)";
				SWIFT_VERSION = 5.0;
				TARGETED_DEVICE_FAMILY = "1,2";
			};
			name = Debug;
		};
		7D4DA2A425C07C0100BE7787 /* Release */ = {
			isa = XCBuildConfiguration;
			buildSettings = {
				ASSETCATALOG_COMPILER_APPICON_NAME = AppIcon;
				ASSETCATALOG_COMPILER_GLOBAL_ACCENT_COLOR_NAME = AccentColor;
				CODE_SIGN_STYLE = Automatic;
				DEVELOPMENT_TEAM = NZSUHT5DUD;
				INFOPLIST_FILE = DI_Sample/Info.plist;
				LD_RUNPATH_SEARCH_PATHS = (
					"$(inherited)",
					"@executable_path/Frameworks",
				);
				PRODUCT_BUNDLE_IDENTIFIER = "com.DI-Sample";
				PRODUCT_NAME = "$(TARGET_NAME)";
				SWIFT_VERSION = 5.0;
				TARGETED_DEVICE_FAMILY = "1,2";
			};
			name = Release;
		};
		7D4DA2A625C07C0100BE7787 /* Debug */ = {
			isa = XCBuildConfiguration;
			buildSettings = {
				ALWAYS_EMBED_SWIFT_STANDARD_LIBRARIES = YES;
				BUNDLE_LOADER = "$(TEST_HOST)";
				CODE_SIGN_STYLE = Automatic;
				DEVELOPMENT_TEAM = NZSUHT5DUD;
				INFOPLIST_FILE = DI_SampleTests/Info.plist;
				IPHONEOS_DEPLOYMENT_TARGET = 14.3;
				LD_RUNPATH_SEARCH_PATHS = (
					"$(inherited)",
					"@executable_path/Frameworks",
					"@loader_path/Frameworks",
				);
				PRODUCT_BUNDLE_IDENTIFIER = "com.DI-SampleTests";
				PRODUCT_NAME = "$(TARGET_NAME)";
				SWIFT_VERSION = 5.0;
				TARGETED_DEVICE_FAMILY = "1,2";
				TEST_HOST = "$(BUILT_PRODUCTS_DIR)/DI_Sample.app/DI_Sample";
			};
			name = Debug;
		};
		7D4DA2A725C07C0100BE7787 /* Release */ = {
			isa = XCBuildConfiguration;
			buildSettings = {
				ALWAYS_EMBED_SWIFT_STANDARD_LIBRARIES = YES;
				BUNDLE_LOADER = "$(TEST_HOST)";
				CODE_SIGN_STYLE = Automatic;
				DEVELOPMENT_TEAM = NZSUHT5DUD;
				INFOPLIST_FILE = DI_SampleTests/Info.plist;
				IPHONEOS_DEPLOYMENT_TARGET = 14.3;
				LD_RUNPATH_SEARCH_PATHS = (
					"$(inherited)",
					"@executable_path/Frameworks",
					"@loader_path/Frameworks",
				);
				PRODUCT_BUNDLE_IDENTIFIER = "com.DI-SampleTests";
				PRODUCT_NAME = "$(TARGET_NAME)";
				SWIFT_VERSION = 5.0;
				TARGETED_DEVICE_FAMILY = "1,2";
				TEST_HOST = "$(BUILT_PRODUCTS_DIR)/DI_Sample.app/DI_Sample";
			};
			name = Release;
		};
		7D4DA2A925C07C0100BE7787 /* Debug */ = {
			isa = XCBuildConfiguration;
			buildSettings = {
				ALWAYS_EMBED_SWIFT_STANDARD_LIBRARIES = YES;
				CODE_SIGN_STYLE = Automatic;
				DEVELOPMENT_TEAM = NZSUHT5DUD;
				INFOPLIST_FILE = DI_SampleUITests/Info.plist;
				LD_RUNPATH_SEARCH_PATHS = (
					"$(inherited)",
					"@executable_path/Frameworks",
					"@loader_path/Frameworks",
				);
				PRODUCT_BUNDLE_IDENTIFIER = "com.DI-SampleUITests";
				PRODUCT_NAME = "$(TARGET_NAME)";
				SWIFT_VERSION = 5.0;
				TARGETED_DEVICE_FAMILY = "1,2";
				TEST_TARGET_NAME = DI_Sample;
			};
			name = Debug;
		};
		7D4DA2AA25C07C0100BE7787 /* Release */ = {
			isa = XCBuildConfiguration;
			buildSettings = {
				ALWAYS_EMBED_SWIFT_STANDARD_LIBRARIES = YES;
				CODE_SIGN_STYLE = Automatic;
				DEVELOPMENT_TEAM = NZSUHT5DUD;
				INFOPLIST_FILE = DI_SampleUITests/Info.plist;
				LD_RUNPATH_SEARCH_PATHS = (
					"$(inherited)",
					"@executable_path/Frameworks",
					"@loader_path/Frameworks",
				);
				PRODUCT_BUNDLE_IDENTIFIER = "com.DI-SampleUITests";
				PRODUCT_NAME = "$(TARGET_NAME)";
				SWIFT_VERSION = 5.0;
				TARGETED_DEVICE_FAMILY = "1,2";
				TEST_TARGET_NAME = DI_Sample;
			};
			name = Release;
		};
/* End XCBuildConfiguration section */

/* Begin XCConfigurationList section */
		7D4DA27325C07BFF00BE7787 /* Build configuration list for PBXProject "DI_Sample" */ = {
			isa = XCConfigurationList;
			buildConfigurations = (
				7D4DA2A025C07C0100BE7787 /* Debug */,
				7D4DA2A125C07C0100BE7787 /* Release */,
			);
			defaultConfigurationIsVisible = 0;
			defaultConfigurationName = Release;
		};
		7D4DA2A225C07C0100BE7787 /* Build configuration list for PBXNativeTarget "DI_Sample" */ = {
			isa = XCConfigurationList;
			buildConfigurations = (
				7D4DA2A325C07C0100BE7787 /* Debug */,
				7D4DA2A425C07C0100BE7787 /* Release */,
			);
			defaultConfigurationIsVisible = 0;
			defaultConfigurationName = Release;
		};
		7D4DA2A525C07C0100BE7787 /* Build configuration list for PBXNativeTarget "DI_SampleTests" */ = {
			isa = XCConfigurationList;
			buildConfigurations = (
				7D4DA2A625C07C0100BE7787 /* Debug */,
				7D4DA2A725C07C0100BE7787 /* Release */,
			);
			defaultConfigurationIsVisible = 0;
			defaultConfigurationName = Release;
		};
		7D4DA2A825C07C0100BE7787 /* Build configuration list for PBXNativeTarget "DI_SampleUITests" */ = {
			isa = XCConfigurationList;
			buildConfigurations = (
				7D4DA2A925C07C0100BE7787 /* Debug */,
				7D4DA2AA25C07C0100BE7787 /* Release */,
			);
			defaultConfigurationIsVisible = 0;
			defaultConfigurationName = Release;
		};
/* End XCConfigurationList section */
	};
	rootObject = 7D4DA27025C07BFF00BE7787 /* Project object */;
}
