// !$*UTF8*$!
{
	archiveVersion = 1;
	classes = {
	};
	objectVersion = 50;
	objects = {

/* Begin PBXBuildFile section */
		A284D9DE25A2CDB200AB405A /* AppDelegate.swift in Sources */ = {isa = PBXBuildFile; fileRef = A284D9DD25A2CDB200AB405A /* AppDelegate.swift */; };
		A284D9E025A2CDB200AB405A /* SceneDelegate.swift in Sources */ = {isa = PBXBuildFile; fileRef = A284D9DF25A2CDB200AB405A /* SceneDelegate.swift */; };
		A284D9E225A2CDB200AB405A /* ViewController.swift in Sources */ = {isa = PBXBuildFile; fileRef = A284D9E125A2CDB200AB405A /* ViewController.swift */; };
		A284D9E725A2CDB500AB405A /* Assets.xcassets in Resources */ = {isa = PBXBuildFile; fileRef = A284D9E625A2CDB500AB405A /* Assets.xcassets */; };
		A284D9EA25A2CDB500AB405A /* LaunchScreen.storyboard in Resources */ = {isa = PBXBuildFile; fileRef = A284D9E825A2CDB500AB405A /* LaunchScreen.storyboard */; };
		A284D9F525A2CDB600AB405A /* VIPER_SampleTests.swift in Sources */ = {isa = PBXBuildFile; fileRef = A284D9F425A2CDB600AB405A /* VIPER_SampleTests.swift */; };
		A284DA0025A2CDB600AB405A /* VIPER_SampleUITests.swift in Sources */ = {isa = PBXBuildFile; fileRef = A284D9FF25A2CDB600AB405A /* VIPER_SampleUITests.swift */; };
		A284DA1D25A2DF6800AB405A /* Todo.swift in Sources */ = {isa = PBXBuildFile; fileRef = A284DA1C25A2DF6800AB405A /* Todo.swift */; };
		A284DA2225A2E13A00AB405A /* TodoStore.swift in Sources */ = {isa = PBXBuildFile; fileRef = A284DA2125A2E13A00AB405A /* TodoStore.swift */; };
		A284DA2725A2E2C700AB405A /* TransitionProtocol.swift in Sources */ = {isa = PBXBuildFile; fileRef = A284DA2625A2E2C700AB405A /* TransitionProtocol.swift */; };
		A284DA3025A2E72100AB405A /* TodoList.storyboard in Resources */ = {isa = PBXBuildFile; fileRef = A284DA2F25A2E72100AB405A /* TodoList.storyboard */; };
		A284DA3525A2E77B00AB405A /* TodoListInteractor.swift in Sources */ = {isa = PBXBuildFile; fileRef = A284DA3425A2E77B00AB405A /* TodoListInteractor.swift */; };
		A284DA3A25A2E7AE00AB405A /* TodoListPresenter.swift in Sources */ = {isa = PBXBuildFile; fileRef = A284DA3925A2E7AE00AB405A /* TodoListPresenter.swift */; };
		A284DA3F25A2E7BF00AB405A /* TodoListProtocol.swift in Sources */ = {isa = PBXBuildFile; fileRef = A284DA3E25A2E7BF00AB405A /* TodoListProtocol.swift */; };
		A284DA4425A2E7D200AB405A /* TodoListRouter.swift in Sources */ = {isa = PBXBuildFile; fileRef = A284DA4325A2E7D200AB405A /* TodoListRouter.swift */; };
		A284DA4925A2E7EF00AB405A /* TodoListTableViewCell.swift in Sources */ = {isa = PBXBuildFile; fileRef = A284DA4825A2E7EF00AB405A /* TodoListTableViewCell.swift */; };
		A284DA4E25A2E80500AB405A /* TodoListViewController.swift in Sources */ = {isa = PBXBuildFile; fileRef = A284DA4D25A2E80500AB405A /* TodoListViewController.swift */; };
		A284DA5325A2E81300AB405A /* TodoListViewData.swift in Sources */ = {isa = PBXBuildFile; fileRef = A284DA5225A2E81300AB405A /* TodoListViewData.swift */; };
		A284DA5C25A3000900AB405A /* TodoDetail.storyboard in Resources */ = {isa = PBXBuildFile; fileRef = A284DA5B25A3000900AB405A /* TodoDetail.storyboard */; };
		A284DA6125A3004C00AB405A /* TodoDetailInteractor.swift in Sources */ = {isa = PBXBuildFile; fileRef = A284DA6025A3004C00AB405A /* TodoDetailInteractor.swift */; };
		A284DA6625A3005E00AB405A /* TodoDetailPresenter.swift in Sources */ = {isa = PBXBuildFile; fileRef = A284DA6525A3005E00AB405A /* TodoDetailPresenter.swift */; };
		A284DA6B25A3007600AB405A /* TodoDetailProtocol.swift in Sources */ = {isa = PBXBuildFile; fileRef = A284DA6A25A3007600AB405A /* TodoDetailProtocol.swift */; };
		A284DA7025A3008900AB405A /* TodoDetailRouter.swift in Sources */ = {isa = PBXBuildFile; fileRef = A284DA6F25A3008900AB405A /* TodoDetailRouter.swift */; };
		A284DA7525A3009B00AB405A /* TodoDetailViewController.swift in Sources */ = {isa = PBXBuildFile; fileRef = A284DA7425A3009B00AB405A /* TodoDetailViewController.swift */; };
		A284DA7A25A300B900AB405A /* TodoDetailViewData.swift in Sources */ = {isa = PBXBuildFile; fileRef = A284DA7925A300B900AB405A /* TodoDetailViewData.swift */; };
/* End PBXBuildFile section */

/* Begin PBXContainerItemProxy section */
		A284D9F125A2CDB600AB405A /* PBXContainerItemProxy */ = {
			isa = PBXContainerItemProxy;
			containerPortal = A284D9D225A2CDB200AB405A /* Project object */;
			proxyType = 1;
			remoteGlobalIDString = A284D9D925A2CDB200AB405A;
			remoteInfo = VIPER_Sample;
		};
		A284D9FC25A2CDB600AB405A /* PBXContainerItemProxy */ = {
			isa = PBXContainerItemProxy;
			containerPortal = A284D9D225A2CDB200AB405A /* Project object */;
			proxyType = 1;
			remoteGlobalIDString = A284D9D925A2CDB200AB405A;
			remoteInfo = VIPER_Sample;
		};
/* End PBXContainerItemProxy section */

/* Begin PBXFileReference section */
		A284D9DA25A2CDB200AB405A /* VIPER_Sample.app */ = {isa = PBXFileReference; explicitFileType = wrapper.application; includeInIndex = 0; path = VIPER_Sample.app; sourceTree = BUILT_PRODUCTS_DIR; };
		A284D9DD25A2CDB200AB405A /* AppDelegate.swift */ = {isa = PBXFileReference; lastKnownFileType = sourcecode.swift; path = AppDelegate.swift; sourceTree = "<group>"; };
		A284D9DF25A2CDB200AB405A /* SceneDelegate.swift */ = {isa = PBXFileReference; lastKnownFileType = sourcecode.swift; path = SceneDelegate.swift; sourceTree = "<group>"; };
		A284D9E125A2CDB200AB405A /* ViewController.swift */ = {isa = PBXFileReference; lastKnownFileType = sourcecode.swift; path = ViewController.swift; sourceTree = "<group>"; };
		A284D9E625A2CDB500AB405A /* Assets.xcassets */ = {isa = PBXFileReference; lastKnownFileType = folder.assetcatalog; path = Assets.xcassets; sourceTree = "<group>"; };
		A284D9E925A2CDB500AB405A /* Base */ = {isa = PBXFileReference; lastKnownFileType = file.storyboard; name = Base; path = Base.lproj/LaunchScreen.storyboard; sourceTree = "<group>"; };
		A284D9EB25A2CDB500AB405A /* Info.plist */ = {isa = PBXFileReference; lastKnownFileType = text.plist.xml; path = Info.plist; sourceTree = "<group>"; };
		A284D9F025A2CDB600AB405A /* VIPER_SampleTests.xctest */ = {isa = PBXFileReference; explicitFileType = wrapper.cfbundle; includeInIndex = 0; path = VIPER_SampleTests.xctest; sourceTree = BUILT_PRODUCTS_DIR; };
		A284D9F425A2CDB600AB405A /* VIPER_SampleTests.swift */ = {isa = PBXFileReference; lastKnownFileType = sourcecode.swift; path = VIPER_SampleTests.swift; sourceTree = "<group>"; };
		A284D9F625A2CDB600AB405A /* Info.plist */ = {isa = PBXFileReference; lastKnownFileType = text.plist.xml; path = Info.plist; sourceTree = "<group>"; };
		A284D9FB25A2CDB600AB405A /* VIPER_SampleUITests.xctest */ = {isa = PBXFileReference; explicitFileType = wrapper.cfbundle; includeInIndex = 0; path = VIPER_SampleUITests.xctest; sourceTree = BUILT_PRODUCTS_DIR; };
		A284D9FF25A2CDB600AB405A /* VIPER_SampleUITests.swift */ = {isa = PBXFileReference; lastKnownFileType = sourcecode.swift; path = VIPER_SampleUITests.swift; sourceTree = "<group>"; };
		A284DA0125A2CDB600AB405A /* Info.plist */ = {isa = PBXFileReference; lastKnownFileType = text.plist.xml; path = Info.plist; sourceTree = "<group>"; };
		A284DA1025A2CE6800AB405A /* README.md */ = {isa = PBXFileReference; lastKnownFileType = net.daringfireball.markdown; path = README.md; sourceTree = "<group>"; };
		A284DA1C25A2DF6800AB405A /* Todo.swift */ = {isa = PBXFileReference; lastKnownFileType = sourcecode.swift; path = Todo.swift; sourceTree = "<group>"; };
		A284DA2125A2E13A00AB405A /* TodoStore.swift */ = {isa = PBXFileReference; lastKnownFileType = sourcecode.swift; path = TodoStore.swift; sourceTree = "<group>"; };
		A284DA2625A2E2C700AB405A /* TransitionProtocol.swift */ = {isa = PBXFileReference; lastKnownFileType = sourcecode.swift; path = TransitionProtocol.swift; sourceTree = "<group>"; };
		A284DA2F25A2E72100AB405A /* TodoList.storyboard */ = {isa = PBXFileReference; lastKnownFileType = file.storyboard; path = TodoList.storyboard; sourceTree = "<group>"; };
		A284DA3425A2E77B00AB405A /* TodoListInteractor.swift */ = {isa = PBXFileReference; lastKnownFileType = sourcecode.swift; path = TodoListInteractor.swift; sourceTree = "<group>"; };
		A284DA3925A2E7AE00AB405A /* TodoListPresenter.swift */ = {isa = PBXFileReference; lastKnownFileType = sourcecode.swift; path = TodoListPresenter.swift; sourceTree = "<group>"; };
		A284DA3E25A2E7BF00AB405A /* TodoListProtocol.swift */ = {isa = PBXFileReference; lastKnownFileType = sourcecode.swift; path = TodoListProtocol.swift; sourceTree = "<group>"; };
		A284DA4325A2E7D200AB405A /* TodoListRouter.swift */ = {isa = PBXFileReference; lastKnownFileType = sourcecode.swift; path = TodoListRouter.swift; sourceTree = "<group>"; };
		A284DA4825A2E7EF00AB405A /* TodoListTableViewCell.swift */ = {isa = PBXFileReference; lastKnownFileType = sourcecode.swift; path = TodoListTableViewCell.swift; sourceTree = "<group>"; };
		A284DA4D25A2E80500AB405A /* TodoListViewController.swift */ = {isa = PBXFileReference; lastKnownFileType = sourcecode.swift; path = TodoListViewController.swift; sourceTree = "<group>"; };
		A284DA5225A2E81300AB405A /* TodoListViewData.swift */ = {isa = PBXFileReference; lastKnownFileType = sourcecode.swift; path = TodoListViewData.swift; sourceTree = "<group>"; };
		A284DA5B25A3000900AB405A /* TodoDetail.storyboard */ = {isa = PBXFileReference; lastKnownFileType = file.storyboard; path = TodoDetail.storyboard; sourceTree = "<group>"; };
		A284DA6025A3004C00AB405A /* TodoDetailInteractor.swift */ = {isa = PBXFileReference; lastKnownFileType = sourcecode.swift; path = TodoDetailInteractor.swift; sourceTree = "<group>"; };
		A284DA6525A3005E00AB405A /* TodoDetailPresenter.swift */ = {isa = PBXFileReference; lastKnownFileType = sourcecode.swift; path = TodoDetailPresenter.swift; sourceTree = "<group>"; };
		A284DA6A25A3007600AB405A /* TodoDetailProtocol.swift */ = {isa = PBXFileReference; lastKnownFileType = sourcecode.swift; path = TodoDetailProtocol.swift; sourceTree = "<group>"; };
		A284DA6F25A3008900AB405A /* TodoDetailRouter.swift */ = {isa = PBXFileReference; lastKnownFileType = sourcecode.swift; path = TodoDetailRouter.swift; sourceTree = "<group>"; };
		A284DA7425A3009B00AB405A /* TodoDetailViewController.swift */ = {isa = PBXFileReference; lastKnownFileType = sourcecode.swift; path = TodoDetailViewController.swift; sourceTree = "<group>"; };
		A284DA7925A300B900AB405A /* TodoDetailViewData.swift */ = {isa = PBXFileReference; lastKnownFileType = sourcecode.swift; path = TodoDetailViewData.swift; sourceTree = "<group>"; };
/* End PBXFileReference section */

/* Begin PBXFrameworksBuildPhase section */
		A284D9D725A2CDB200AB405A /* Frameworks */ = {
			isa = PBXFrameworksBuildPhase;
			buildActionMask = 2147483647;
			files = (
			);
			runOnlyForDeploymentPostprocessing = 0;
		};
		A284D9ED25A2CDB600AB405A /* Frameworks */ = {
			isa = PBXFrameworksBuildPhase;
			buildActionMask = 2147483647;
			files = (
			);
			runOnlyForDeploymentPostprocessing = 0;
		};
		A284D9F825A2CDB600AB405A /* Frameworks */ = {
			isa = PBXFrameworksBuildPhase;
			buildActionMask = 2147483647;
			files = (
			);
			runOnlyForDeploymentPostprocessing = 0;
		};
/* End PBXFrameworksBuildPhase section */

/* Begin PBXGroup section */
		A284D9D125A2CDB200AB405A = {
			isa = PBXGroup;
			children = (
				A284DA1025A2CE6800AB405A /* README.md */,
				A284D9DC25A2CDB200AB405A /* VIPER_Sample */,
				A284D9F325A2CDB600AB405A /* VIPER_SampleTests */,
				A284D9FE25A2CDB600AB405A /* VIPER_SampleUITests */,
				A284D9DB25A2CDB200AB405A /* Products */,
			);
			sourceTree = "<group>";
		};
		A284D9DB25A2CDB200AB405A /* Products */ = {
			isa = PBXGroup;
			children = (
				A284D9DA25A2CDB200AB405A /* VIPER_Sample.app */,
				A284D9F025A2CDB600AB405A /* VIPER_SampleTests.xctest */,
				A284D9FB25A2CDB600AB405A /* VIPER_SampleUITests.xctest */,
			);
			name = Products;
			sourceTree = "<group>";
		};
		A284D9DC25A2CDB200AB405A /* VIPER_Sample */ = {
			isa = PBXGroup;
			children = (
				A284DA5A25A2FFED00AB405A /* TodoDetail */,
				A284DA2E25A2E70900AB405A /* TodoList */,
				A284DA1725A2DED500AB405A /* Entity */,
				A284D9DD25A2CDB200AB405A /* AppDelegate.swift */,
				A284D9E125A2CDB200AB405A /* ViewController.swift */,
				A284D9DF25A2CDB200AB405A /* SceneDelegate.swift */,
				A284DA2625A2E2C700AB405A /* TransitionProtocol.swift */,
				A284D9E625A2CDB500AB405A /* Assets.xcassets */,
				A284D9E825A2CDB500AB405A /* LaunchScreen.storyboard */,
				A284D9EB25A2CDB500AB405A /* Info.plist */,
			);
			path = VIPER_Sample;
			sourceTree = "<group>";
		};
		A284D9F325A2CDB600AB405A /* VIPER_SampleTests */ = {
			isa = PBXGroup;
			children = (
				A284D9F425A2CDB600AB405A /* VIPER_SampleTests.swift */,
				A284D9F625A2CDB600AB405A /* Info.plist */,
			);
			path = VIPER_SampleTests;
			sourceTree = "<group>";
		};
		A284D9FE25A2CDB600AB405A /* VIPER_SampleUITests */ = {
			isa = PBXGroup;
			children = (
				A284D9FF25A2CDB600AB405A /* VIPER_SampleUITests.swift */,
				A284DA0125A2CDB600AB405A /* Info.plist */,
			);
			path = VIPER_SampleUITests;
			sourceTree = "<group>";
		};
		A284DA1725A2DED500AB405A /* Entity */ = {
			isa = PBXGroup;
			children = (
				A284DA1C25A2DF6800AB405A /* Todo.swift */,
				A284DA2125A2E13A00AB405A /* TodoStore.swift */,
			);
			path = Entity;
			sourceTree = "<group>";
		};
		A284DA2E25A2E70900AB405A /* TodoList */ = {
			isa = PBXGroup;
			children = (
				A284DA2F25A2E72100AB405A /* TodoList.storyboard */,
				A284DA3425A2E77B00AB405A /* TodoListInteractor.swift */,
				A284DA3925A2E7AE00AB405A /* TodoListPresenter.swift */,
				A284DA3E25A2E7BF00AB405A /* TodoListProtocol.swift */,
				A284DA4325A2E7D200AB405A /* TodoListRouter.swift */,
				A284DA4825A2E7EF00AB405A /* TodoListTableViewCell.swift */,
				A284DA4D25A2E80500AB405A /* TodoListViewController.swift */,
				A284DA5225A2E81300AB405A /* TodoListViewData.swift */,
			);
			path = TodoList;
			sourceTree = "<group>";
		};
		A284DA5A25A2FFED00AB405A /* TodoDetail */ = {
			isa = PBXGroup;
			children = (
				A284DA5B25A3000900AB405A /* TodoDetail.storyboard */,
				A284DA6025A3004C00AB405A /* TodoDetailInteractor.swift */,
				A284DA6525A3005E00AB405A /* TodoDetailPresenter.swift */,
				A284DA6A25A3007600AB405A /* TodoDetailProtocol.swift */,
				A284DA6F25A3008900AB405A /* TodoDetailRouter.swift */,
				A284DA7425A3009B00AB405A /* TodoDetailViewController.swift */,
				A284DA7925A300B900AB405A /* TodoDetailViewData.swift */,
			);
			path = TodoDetail;
			sourceTree = "<group>";
		};
/* End PBXGroup section */

/* Begin PBXNativeTarget section */
		A284D9D925A2CDB200AB405A /* VIPER_Sample */ = {
			isa = PBXNativeTarget;
			buildConfigurationList = A284DA0425A2CDB600AB405A /* Build configuration list for PBXNativeTarget "VIPER_Sample" */;
			buildPhases = (
				A284D9D625A2CDB200AB405A /* Sources */,
				A284D9D725A2CDB200AB405A /* Frameworks */,
				A284D9D825A2CDB200AB405A /* Resources */,
			);
			buildRules = (
			);
			dependencies = (
			);
			name = VIPER_Sample;
			productName = VIPER_Sample;
			productReference = A284D9DA25A2CDB200AB405A /* VIPER_Sample.app */;
			productType = "com.apple.product-type.application";
		};
		A284D9EF25A2CDB600AB405A /* VIPER_SampleTests */ = {
			isa = PBXNativeTarget;
			buildConfigurationList = A284DA0725A2CDB600AB405A /* Build configuration list for PBXNativeTarget "VIPER_SampleTests" */;
			buildPhases = (
				A284D9EC25A2CDB600AB405A /* Sources */,
				A284D9ED25A2CDB600AB405A /* Frameworks */,
				A284D9EE25A2CDB600AB405A /* Resources */,
			);
			buildRules = (
			);
			dependencies = (
				A284D9F225A2CDB600AB405A /* PBXTargetDependency */,
			);
			name = VIPER_SampleTests;
			productName = VIPER_SampleTests;
			productReference = A284D9F025A2CDB600AB405A /* VIPER_SampleTests.xctest */;
			productType = "com.apple.product-type.bundle.unit-test";
		};
		A284D9FA25A2CDB600AB405A /* VIPER_SampleUITests */ = {
			isa = PBXNativeTarget;
			buildConfigurationList = A284DA0A25A2CDB600AB405A /* Build configuration list for PBXNativeTarget "VIPER_SampleUITests" */;
			buildPhases = (
				A284D9F725A2CDB600AB405A /* Sources */,
				A284D9F825A2CDB600AB405A /* Frameworks */,
				A284D9F925A2CDB600AB405A /* Resources */,
			);
			buildRules = (
			);
			dependencies = (
				A284D9FD25A2CDB600AB405A /* PBXTargetDependency */,
			);
			name = VIPER_SampleUITests;
			productName = VIPER_SampleUITests;
			productReference = A284D9FB25A2CDB600AB405A /* VIPER_SampleUITests.xctest */;
			productType = "com.apple.product-type.bundle.ui-testing";
		};
/* End PBXNativeTarget section */

/* Begin PBXProject section */
		A284D9D225A2CDB200AB405A /* Project object */ = {
			isa = PBXProject;
			attributes = {
				LastSwiftUpdateCheck = 1200;
				LastUpgradeCheck = 1200;
				TargetAttributes = {
					A284D9D925A2CDB200AB405A = {
						CreatedOnToolsVersion = 12.0.1;
					};
					A284D9EF25A2CDB600AB405A = {
						CreatedOnToolsVersion = 12.0.1;
						TestTargetID = A284D9D925A2CDB200AB405A;
					};
					A284D9FA25A2CDB600AB405A = {
						CreatedOnToolsVersion = 12.0.1;
						TestTargetID = A284D9D925A2CDB200AB405A;
					};
				};
			};
			buildConfigurationList = A284D9D525A2CDB200AB405A /* Build configuration list for PBXProject "VIPER_Sample" */;
			compatibilityVersion = "Xcode 9.3";
			developmentRegion = en;
			hasScannedForEncodings = 0;
			knownRegions = (
				en,
				Base,
			);
			mainGroup = A284D9D125A2CDB200AB405A;
			productRefGroup = A284D9DB25A2CDB200AB405A /* Products */;
			projectDirPath = "";
			projectRoot = "";
			targets = (
				A284D9D925A2CDB200AB405A /* VIPER_Sample */,
				A284D9EF25A2CDB600AB405A /* VIPER_SampleTests */,
				A284D9FA25A2CDB600AB405A /* VIPER_SampleUITests */,
			);
		};
/* End PBXProject section */

/* Begin PBXResourcesBuildPhase section */
		A284D9D825A2CDB200AB405A /* Resources */ = {
			isa = PBXResourcesBuildPhase;
			buildActionMask = 2147483647;
			files = (
				A284DA5C25A3000900AB405A /* TodoDetail.storyboard in Resources */,
				A284DA3025A2E72100AB405A /* TodoList.storyboard in Resources */,
				A284D9EA25A2CDB500AB405A /* LaunchScreen.storyboard in Resources */,
				A284D9E725A2CDB500AB405A /* Assets.xcassets in Resources */,
			);
			runOnlyForDeploymentPostprocessing = 0;
		};
		A284D9EE25A2CDB600AB405A /* Resources */ = {
			isa = PBXResourcesBuildPhase;
			buildActionMask = 2147483647;
			files = (
			);
			runOnlyForDeploymentPostprocessing = 0;
		};
		A284D9F925A2CDB600AB405A /* Resources */ = {
			isa = PBXResourcesBuildPhase;
			buildActionMask = 2147483647;
			files = (
			);
			runOnlyForDeploymentPostprocessing = 0;
		};
/* End PBXResourcesBuildPhase section */

/* Begin PBXSourcesBuildPhase section */
		A284D9D625A2CDB200AB405A /* Sources */ = {
			isa = PBXSourcesBuildPhase;
			buildActionMask = 2147483647;
			files = (
				A284DA4E25A2E80500AB405A /* TodoListViewController.swift in Sources */,
				A284DA2725A2E2C700AB405A /* TransitionProtocol.swift in Sources */,
				A284D9E225A2CDB200AB405A /* ViewController.swift in Sources */,
				A284DA2225A2E13A00AB405A /* TodoStore.swift in Sources */,
				A284DA4925A2E7EF00AB405A /* TodoListTableViewCell.swift in Sources */,
				A284DA6125A3004C00AB405A /* TodoDetailInteractor.swift in Sources */,
				A284DA6625A3005E00AB405A /* TodoDetailPresenter.swift in Sources */,
				A284D9DE25A2CDB200AB405A /* AppDelegate.swift in Sources */,
				A284DA3A25A2E7AE00AB405A /* TodoListPresenter.swift in Sources */,
				A284DA7A25A300B900AB405A /* TodoDetailViewData.swift in Sources */,
				A284D9E025A2CDB200AB405A /* SceneDelegate.swift in Sources */,
				A284DA4425A2E7D200AB405A /* TodoListRouter.swift in Sources */,
				A284DA5325A2E81300AB405A /* TodoListViewData.swift in Sources */,
				A284DA3525A2E77B00AB405A /* TodoListInteractor.swift in Sources */,
				A284DA1D25A2DF6800AB405A /* Todo.swift in Sources */,
				A284DA7025A3008900AB405A /* TodoDetailRouter.swift in Sources */,
				A284DA6B25A3007600AB405A /* TodoDetailProtocol.swift in Sources */,
				A284DA3F25A2E7BF00AB405A /* TodoListProtocol.swift in Sources */,
				A284DA7525A3009B00AB405A /* TodoDetailViewController.swift in Sources */,
			);
			runOnlyForDeploymentPostprocessing = 0;
		};
		A284D9EC25A2CDB600AB405A /* Sources */ = {
			isa = PBXSourcesBuildPhase;
			buildActionMask = 2147483647;
			files = (
				A284D9F525A2CDB600AB405A /* VIPER_SampleTests.swift in Sources */,
			);
			runOnlyForDeploymentPostprocessing = 0;
		};
		A284D9F725A2CDB600AB405A /* Sources */ = {
			isa = PBXSourcesBuildPhase;
			buildActionMask = 2147483647;
			files = (
				A284DA0025A2CDB600AB405A /* VIPER_SampleUITests.swift in Sources */,
			);
			runOnlyForDeploymentPostprocessing = 0;
		};
/* End PBXSourcesBuildPhase section */

/* Begin PBXTargetDependency section */
		A284D9F225A2CDB600AB405A /* PBXTargetDependency */ = {
			isa = PBXTargetDependency;
			target = A284D9D925A2CDB200AB405A /* VIPER_Sample */;
			targetProxy = A284D9F125A2CDB600AB405A /* PBXContainerItemProxy */;
		};
		A284D9FD25A2CDB600AB405A /* PBXTargetDependency */ = {
			isa = PBXTargetDependency;
			target = A284D9D925A2CDB200AB405A /* VIPER_Sample */;
			targetProxy = A284D9FC25A2CDB600AB405A /* PBXContainerItemProxy */;
		};
/* End PBXTargetDependency section */

/* Begin PBXVariantGroup section */
		A284D9E825A2CDB500AB405A /* LaunchScreen.storyboard */ = {
			isa = PBXVariantGroup;
			children = (
				A284D9E925A2CDB500AB405A /* Base */,
			);
			name = LaunchScreen.storyboard;
			sourceTree = "<group>";
		};
/* End PBXVariantGroup section */

/* Begin XCBuildConfiguration section */
		A284DA0225A2CDB600AB405A /* Debug */ = {
			isa = XCBuildConfiguration;
			buildSettings = {
				ALWAYS_SEARCH_USER_PATHS = NO;
				CLANG_ANALYZER_NONNULL = YES;
				CLANG_ANALYZER_NUMBER_OBJECT_CONVERSION = YES_AGGRESSIVE;
				CLANG_CXX_LANGUAGE_STANDARD = "gnu++14";
				CLANG_CXX_LIBRARY = "libc++";
				CLANG_ENABLE_MODULES = YES;
				CLANG_ENABLE_OBJC_ARC = YES;
				CLANG_ENABLE_OBJC_WEAK = YES;
				CLANG_WARN_BLOCK_CAPTURE_AUTORELEASING = YES;
				CLANG_WARN_BOOL_CONVERSION = YES;
				CLANG_WARN_COMMA = YES;
				CLANG_WARN_CONSTANT_CONVERSION = YES;
				CLANG_WARN_DEPRECATED_OBJC_IMPLEMENTATIONS = YES;
				CLANG_WARN_DIRECT_OBJC_ISA_USAGE = YES_ERROR;
				CLANG_WARN_DOCUMENTATION_COMMENTS = YES;
				CLANG_WARN_EMPTY_BODY = YES;
				CLANG_WARN_ENUM_CONVERSION = YES;
				CLANG_WARN_INFINITE_RECURSION = YES;
				CLANG_WARN_INT_CONVERSION = YES;
				CLANG_WARN_NON_LITERAL_NULL_CONVERSION = YES;
				CLANG_WARN_OBJC_IMPLICIT_RETAIN_SELF = YES;
				CLANG_WARN_OBJC_LITERAL_CONVERSION = YES;
				CLANG_WARN_OBJC_ROOT_CLASS = YES_ERROR;
				CLANG_WARN_QUOTED_INCLUDE_IN_FRAMEWORK_HEADER = YES;
				CLANG_WARN_RANGE_LOOP_ANALYSIS = YES;
				CLANG_WARN_STRICT_PROTOTYPES = YES;
				CLANG_WARN_SUSPICIOUS_MOVE = YES;
				CLANG_WARN_UNGUARDED_AVAILABILITY = YES_AGGRESSIVE;
				CLANG_WARN_UNREACHABLE_CODE = YES;
				CLANG_WARN__DUPLICATE_METHOD_MATCH = YES;
				COPY_PHASE_STRIP = NO;
				DEBUG_INFORMATION_FORMAT = dwarf;
				ENABLE_STRICT_OBJC_MSGSEND = YES;
				ENABLE_TESTABILITY = YES;
				GCC_C_LANGUAGE_STANDARD = gnu11;
				GCC_DYNAMIC_NO_PIC = NO;
				GCC_NO_COMMON_BLOCKS = YES;
				GCC_OPTIMIZATION_LEVEL = 0;
				GCC_PREPROCESSOR_DEFINITIONS = (
					"DEBUG=1",
					"$(inherited)",
				);
				GCC_WARN_64_TO_32_BIT_CONVERSION = YES;
				GCC_WARN_ABOUT_RETURN_TYPE = YES_ERROR;
				GCC_WARN_UNDECLARED_SELECTOR = YES;
				GCC_WARN_UNINITIALIZED_AUTOS = YES_AGGRESSIVE;
				GCC_WARN_UNUSED_FUNCTION = YES;
				GCC_WARN_UNUSED_VARIABLE = YES;
				IPHONEOS_DEPLOYMENT_TARGET = 14.0;
				MTL_ENABLE_DEBUG_INFO = INCLUDE_SOURCE;
				MTL_FAST_MATH = YES;
				ONLY_ACTIVE_ARCH = YES;
				SDKROOT = iphoneos;
				SWIFT_ACTIVE_COMPILATION_CONDITIONS = DEBUG;
				SWIFT_OPTIMIZATION_LEVEL = "-Onone";
			};
			name = Debug;
		};
		A284DA0325A2CDB600AB405A /* Release */ = {
			isa = XCBuildConfiguration;
			buildSettings = {
				ALWAYS_SEARCH_USER_PATHS = NO;
				CLANG_ANALYZER_NONNULL = YES;
				CLANG_ANALYZER_NUMBER_OBJECT_CONVERSION = YES_AGGRESSIVE;
				CLANG_CXX_LANGUAGE_STANDARD = "gnu++14";
				CLANG_CXX_LIBRARY = "libc++";
				CLANG_ENABLE_MODULES = YES;
				CLANG_ENABLE_OBJC_ARC = YES;
				CLANG_ENABLE_OBJC_WEAK = YES;
				CLANG_WARN_BLOCK_CAPTURE_AUTORELEASING = YES;
				CLANG_WARN_BOOL_CONVERSION = YES;
				CLANG_WARN_COMMA = YES;
				CLANG_WARN_CONSTANT_CONVERSION = YES;
				CLANG_WARN_DEPRECATED_OBJC_IMPLEMENTATIONS = YES;
				CLANG_WARN_DIRECT_OBJC_ISA_USAGE = YES_ERROR;
				CLANG_WARN_DOCUMENTATION_COMMENTS = YES;
				CLANG_WARN_EMPTY_BODY = YES;
				CLANG_WARN_ENUM_CONVERSION = YES;
				CLANG_WARN_INFINITE_RECURSION = YES;
				CLANG_WARN_INT_CONVERSION = YES;
				CLANG_WARN_NON_LITERAL_NULL_CONVERSION = YES;
				CLANG_WARN_OBJC_IMPLICIT_RETAIN_SELF = YES;
				CLANG_WARN_OBJC_LITERAL_CONVERSION = YES;
				CLANG_WARN_OBJC_ROOT_CLASS = YES_ERROR;
				CLANG_WARN_QUOTED_INCLUDE_IN_FRAMEWORK_HEADER = YES;
				CLANG_WARN_RANGE_LOOP_ANALYSIS = YES;
				CLANG_WARN_STRICT_PROTOTYPES = YES;
				CLANG_WARN_SUSPICIOUS_MOVE = YES;
				CLANG_WARN_UNGUARDED_AVAILABILITY = YES_AGGRESSIVE;
				CLANG_WARN_UNREACHABLE_CODE = YES;
				CLANG_WARN__DUPLICATE_METHOD_MATCH = YES;
				COPY_PHASE_STRIP = NO;
				DEBUG_INFORMATION_FORMAT = "dwarf-with-dsym";
				ENABLE_NS_ASSERTIONS = NO;
				ENABLE_STRICT_OBJC_MSGSEND = YES;
				GCC_C_LANGUAGE_STANDARD = gnu11;
				GCC_NO_COMMON_BLOCKS = YES;
				GCC_WARN_64_TO_32_BIT_CONVERSION = YES;
				GCC_WARN_ABOUT_RETURN_TYPE = YES_ERROR;
				GCC_WARN_UNDECLARED_SELECTOR = YES;
				GCC_WARN_UNINITIALIZED_AUTOS = YES_AGGRESSIVE;
				GCC_WARN_UNUSED_FUNCTION = YES;
				GCC_WARN_UNUSED_VARIABLE = YES;
				IPHONEOS_DEPLOYMENT_TARGET = 14.0;
				MTL_ENABLE_DEBUG_INFO = NO;
				MTL_FAST_MATH = YES;
				SDKROOT = iphoneos;
				SWIFT_COMPILATION_MODE = wholemodule;
				SWIFT_OPTIMIZATION_LEVEL = "-O";
				VALIDATE_PRODUCT = YES;
			};
			name = Release;
		};
		A284DA0525A2CDB600AB405A /* Debug */ = {
			isa = XCBuildConfiguration;
			buildSettings = {
				ASSETCATALOG_COMPILER_APPICON_NAME = AppIcon;
				ASSETCATALOG_COMPILER_GLOBAL_ACCENT_COLOR_NAME = AccentColor;
				CODE_SIGN_STYLE = Automatic;
				DEVELOPMENT_TEAM = NZSUHT5DUD;
				INFOPLIST_FILE = VIPER_Sample/Info.plist;
				LD_RUNPATH_SEARCH_PATHS = (
					"$(inherited)",
					"@executable_path/Frameworks",
				);
				PRODUCT_BUNDLE_IDENTIFIER = "com.VIPER-Sample";
				PRODUCT_NAME = "$(TARGET_NAME)";
				SWIFT_VERSION = 5.0;
				TARGETED_DEVICE_FAMILY = "1,2";
			};
			name = Debug;
		};
		A284DA0625A2CDB600AB405A /* Release */ = {
			isa = XCBuildConfiguration;
			buildSettings = {
				ASSETCATALOG_COMPILER_APPICON_NAME = AppIcon;
				ASSETCATALOG_COMPILER_GLOBAL_ACCENT_COLOR_NAME = AccentColor;
				CODE_SIGN_STYLE = Automatic;
				DEVELOPMENT_TEAM = NZSUHT5DUD;
				INFOPLIST_FILE = VIPER_Sample/Info.plist;
				LD_RUNPATH_SEARCH_PATHS = (
					"$(inherited)",
					"@executable_path/Frameworks",
				);
				PRODUCT_BUNDLE_IDENTIFIER = "com.VIPER-Sample";
				PRODUCT_NAME = "$(TARGET_NAME)";
				SWIFT_VERSION = 5.0;
				TARGETED_DEVICE_FAMILY = "1,2";
			};
			name = Release;
		};
		A284DA0825A2CDB600AB405A /* Debug */ = {
			isa = XCBuildConfiguration;
			buildSettings = {
				ALWAYS_EMBED_SWIFT_STANDARD_LIBRARIES = YES;
				BUNDLE_LOADER = "$(TEST_HOST)";
				CODE_SIGN_STYLE = Automatic;
				DEVELOPMENT_TEAM = NZSUHT5DUD;
				INFOPLIST_FILE = VIPER_SampleTests/Info.plist;
				IPHONEOS_DEPLOYMENT_TARGET = 14.0;
				LD_RUNPATH_SEARCH_PATHS = (
					"$(inherited)",
					"@executable_path/Frameworks",
					"@loader_path/Frameworks",
				);
				PRODUCT_BUNDLE_IDENTIFIER = "com.VIPER-SampleTests";
				PRODUCT_NAME = "$(TARGET_NAME)";
				SWIFT_VERSION = 5.0;
				TARGETED_DEVICE_FAMILY = "1,2";
				TEST_HOST = "$(BUILT_PRODUCTS_DIR)/VIPER_Sample.app/VIPER_Sample";
			};
			name = Debug;
		};
		A284DA0925A2CDB600AB405A /* Release */ = {
			isa = XCBuildConfiguration;
			buildSettings = {
				ALWAYS_EMBED_SWIFT_STANDARD_LIBRARIES = YES;
				BUNDLE_LOADER = "$(TEST_HOST)";
				CODE_SIGN_STYLE = Automatic;
				DEVELOPMENT_TEAM = NZSUHT5DUD;
				INFOPLIST_FILE = VIPER_SampleTests/Info.plist;
				IPHONEOS_DEPLOYMENT_TARGET = 14.0;
				LD_RUNPATH_SEARCH_PATHS = (
					"$(inherited)",
					"@executable_path/Frameworks",
					"@loader_path/Frameworks",
				);
				PRODUCT_BUNDLE_IDENTIFIER = "com.VIPER-SampleTests";
				PRODUCT_NAME = "$(TARGET_NAME)";
				SWIFT_VERSION = 5.0;
				TARGETED_DEVICE_FAMILY = "1,2";
				TEST_HOST = "$(BUILT_PRODUCTS_DIR)/VIPER_Sample.app/VIPER_Sample";
			};
			name = Release;
		};
		A284DA0B25A2CDB600AB405A /* Debug */ = {
			isa = XCBuildConfiguration;
			buildSettings = {
				ALWAYS_EMBED_SWIFT_STANDARD_LIBRARIES = YES;
				CODE_SIGN_STYLE = Automatic;
				DEVELOPMENT_TEAM = NZSUHT5DUD;
				INFOPLIST_FILE = VIPER_SampleUITests/Info.plist;
				LD_RUNPATH_SEARCH_PATHS = (
					"$(inherited)",
					"@executable_path/Frameworks",
					"@loader_path/Frameworks",
				);
				PRODUCT_BUNDLE_IDENTIFIER = "com.VIPER-SampleUITests";
				PRODUCT_NAME = "$(TARGET_NAME)";
				SWIFT_VERSION = 5.0;
				TARGETED_DEVICE_FAMILY = "1,2";
				TEST_TARGET_NAME = VIPER_Sample;
			};
			name = Debug;
		};
		A284DA0C25A2CDB600AB405A /* Release */ = {
			isa = XCBuildConfiguration;
			buildSettings = {
				ALWAYS_EMBED_SWIFT_STANDARD_LIBRARIES = YES;
				CODE_SIGN_STYLE = Automatic;
				DEVELOPMENT_TEAM = NZSUHT5DUD;
				INFOPLIST_FILE = VIPER_SampleUITests/Info.plist;
				LD_RUNPATH_SEARCH_PATHS = (
					"$(inherited)",
					"@executable_path/Frameworks",
					"@loader_path/Frameworks",
				);
				PRODUCT_BUNDLE_IDENTIFIER = "com.VIPER-SampleUITests";
				PRODUCT_NAME = "$(TARGET_NAME)";
				SWIFT_VERSION = 5.0;
				TARGETED_DEVICE_FAMILY = "1,2";
				TEST_TARGET_NAME = VIPER_Sample;
			};
			name = Release;
		};
/* End XCBuildConfiguration section */

/* Begin XCConfigurationList section */
		A284D9D525A2CDB200AB405A /* Build configuration list for PBXProject "VIPER_Sample" */ = {
			isa = XCConfigurationList;
			buildConfigurations = (
				A284DA0225A2CDB600AB405A /* Debug */,
				A284DA0325A2CDB600AB405A /* Release */,
			);
			defaultConfigurationIsVisible = 0;
			defaultConfigurationName = Release;
		};
		A284DA0425A2CDB600AB405A /* Build configuration list for PBXNativeTarget "VIPER_Sample" */ = {
			isa = XCConfigurationList;
			buildConfigurations = (
				A284DA0525A2CDB600AB405A /* Debug */,
				A284DA0625A2CDB600AB405A /* Release */,
			);
			defaultConfigurationIsVisible = 0;
			defaultConfigurationName = Release;
		};
		A284DA0725A2CDB600AB405A /* Build configuration list for PBXNativeTarget "VIPER_SampleTests" */ = {
			isa = XCConfigurationList;
			buildConfigurations = (
				A284DA0825A2CDB600AB405A /* Debug */,
				A284DA0925A2CDB600AB405A /* Release */,
			);
			defaultConfigurationIsVisible = 0;
			defaultConfigurationName = Release;
		};
		A284DA0A25A2CDB600AB405A /* Build configuration list for PBXNativeTarget "VIPER_SampleUITests" */ = {
			isa = XCConfigurationList;
			buildConfigurations = (
				A284DA0B25A2CDB600AB405A /* Debug */,
				A284DA0C25A2CDB600AB405A /* Release */,
			);
			defaultConfigurationIsVisible = 0;
			defaultConfigurationName = Release;
		};
/* End XCConfigurationList section */
	};
	rootObject = A284D9D225A2CDB200AB405A /* Project object */;
}
